{
  "object": {
    "pins": [
      {
        "package": "JsonModel",
        "repositoryURL": "https://github.com/Sage-Bionetworks/JsonModel-Swift.git",
        "state": {
          "branch": null,
          "revision": "ddde0196c6e85b9adcfc3c5436b31b26f033f386",
          "version": "1.4.7"
        }
      },
      {
        "package": "SharedMobileUI",
        "repositoryURL": "https://github.com/Sage-Bionetworks/SharedMobileUI-AppleOS.git",
        "state": {
          "branch": null,
          "revision": "efbf482463133b76e3e7d54f694ef53d766867bf",
          "version": "0.15.0"
        }
      }
    ]
  },
  "version": 1
}
