{
  "object": {
    "pins": [
      {
        "package": "JsonModel",
        "repositoryURL": "https://github.com/Sage-Bionetworks/JsonModel-Swift.git",
        "state": {
          "branch": null,
          "revision": "b4f068b1e85564aa00ead449009ace5d31cc8b2a",
          "version": "1.4.1"
        }
      }
    ]
  },
  "version": 1
}
