{
  "object": {
    "pins": [
      {
        "package": "JsonModel",
        "repositoryURL": "https://github.com/Sage-Bionetworks/JsonModel-Swift.git",
        "state": {
          "branch": null,
          "revision": "b6eca57507288ffc0aa755bda96386e888cf80e5",
          "version": "1.4.5"
        }
      }
    ]
  },
  "version": 1
}
