// !$*UTF8*$!
{
	archiveVersion = 1;
	classes = {
	};
	objectVersion = 52;
	objects = {

/* Begin PBXBuildFile section */
		7555FF7F242A565900829871 /* AppDelegate.swift in Sources */ = {isa = PBXBuildFile; fileRef = 7555FF7E242A565900829871 /* AppDelegate.swift */; };
		7555FF81242A565900829871 /* SceneDelegate.swift in Sources */ = {isa = PBXBuildFile; fileRef = 7555FF80242A565900829871 /* SceneDelegate.swift */; };
		7555FF83242A565900829871 /* ContentView.swift in Sources */ = {isa = PBXBuildFile; fileRef = 7555FF82242A565900829871 /* ContentView.swift */; };
		7555FF85242A565B00829871 /* Assets.xcassets in Resources */ = {isa = PBXBuildFile; fileRef = 7555FF84242A565B00829871 /* Assets.xcassets */; };
		7555FF88242A565B00829871 /* Preview Assets.xcassets in Resources */ = {isa = PBXBuildFile; fileRef = 7555FF87242A565B00829871 /* Preview Assets.xcassets */; };
		7555FF8B242A565B00829871 /* LaunchScreen.storyboard in Resources */ = {isa = PBXBuildFile; fileRef = 7555FF89242A565B00829871 /* LaunchScreen.storyboard */; };
		7555FF96242A565B00829871 /* iosAppTests.swift in Sources */ = {isa = PBXBuildFile; fileRef = 7555FF95242A565B00829871 /* iosAppTests.swift */; };
		7555FFA1242A565B00829871 /* iosAppUITests.swift in Sources */ = {isa = PBXBuildFile; fileRef = 7555FFA0242A565B00829871 /* iosAppUITests.swift */; };
		FF2ECC0E265C3DD900831866 /* Permissions.xcassets in Resources */ = {isa = PBXBuildFile; fileRef = FF2ECC0D265C3DD900831866 /* Permissions.xcassets */; };
		FF2ECC11265C3E5300831866 /* PermissionsOnboarding.swift in Sources */ = {isa = PBXBuildFile; fileRef = FF2ECC10265C3E5300831866 /* PermissionsOnboarding.swift */; };
		FF2ECC13265C3F0800831866 /* AssessmentModel+Utils.swift in Sources */ = {isa = PBXBuildFile; fileRef = FF2ECC12265C3F0800831866 /* AssessmentModel+Utils.swift */; };
		FF2ECC15265C55A600831866 /* PreviewBranchNodeState.swift in Sources */ = {isa = PBXBuildFile; fileRef = FF2ECC14265C55A600831866 /* PreviewBranchNodeState.swift */; };
		FF6F6DE6265DAD17007C6B92 /* MobilePassiveData in Frameworks */ = {isa = PBXBuildFile; productRef = FF6F6DE5265DAD17007C6B92 /* MobilePassiveData */; };
		FF6F6DE8265DAD17007C6B92 /* MotionSensor in Frameworks */ = {isa = PBXBuildFile; productRef = FF6F6DE7265DAD17007C6B92 /* MotionSensor */; };
		FF6F6DEA265DAD17007C6B92 /* WeatherRecorder in Frameworks */ = {isa = PBXBuildFile; productRef = FF6F6DE9265DAD17007C6B92 /* WeatherRecorder */; };
		FF6F6DEC265DAD17007C6B92 /* AudioRecorder in Frameworks */ = {isa = PBXBuildFile; productRef = FF6F6DEB265DAD17007C6B92 /* AudioRecorder */; };
		FF6F6FBC266021B5007C6B92 /* SampleSurvey.swift in Sources */ = {isa = PBXBuildFile; fileRef = FF6F6FBB266021B5007C6B92 /* SampleSurvey.swift */; };
		FF6F6FC72661A2F6007C6B92 /* JsonElement+Utils.swift in Sources */ = {isa = PBXBuildFile; fileRef = FF6F6FC62661A2F6007C6B92 /* JsonElement+Utils.swift */; };
		FF74AFFB264F3C4A00C48966 /* PagedNavigationViewModel.swift in Sources */ = {isa = PBXBuildFile; fileRef = FF74AFFA264F3C4A00C48966 /* PagedNavigationViewModel.swift */; };
		FF74B05A26545A3900C48966 /* BranchNavigationView.swift in Sources */ = {isa = PBXBuildFile; fileRef = FF74B05926545A3900C48966 /* BranchNavigationView.swift */; };
		FF8AD1A4265C848F00C33260 /* PermissionsHandler.swift in Sources */ = {isa = PBXBuildFile; fileRef = FF8AD1A3265C848F00C33260 /* PermissionsHandler.swift */; };
		FFA5E6FC264DA1FC0042D694 /* InstructionStepContentView.swift in Sources */ = {isa = PBXBuildFile; fileRef = FFA5E6FB264DA1FC0042D694 /* InstructionStepContentView.swift */; };
		FFA5E759264DBD7D0042D694 /* Bundle+module.swift in Sources */ = {isa = PBXBuildFile; fileRef = FFA5E758264DBD7D0042D694 /* Bundle+module.swift */; };
		FFA5E80F264DC36B0042D694 /* PagedNavigationBar.swift in Sources */ = {isa = PBXBuildFile; fileRef = FFA5E80E264DC36B0042D694 /* PagedNavigationBar.swift */; };
		FFA5E811264DC5830042D694 /* BranchViewModel.swift in Sources */ = {isa = PBXBuildFile; fileRef = FFA5E810264DC5830042D694 /* BranchViewModel.swift */; };
		FFA5E817264DCB1F0042D694 /* PlayfairDisplay-Italic.ttf in Resources */ = {isa = PBXBuildFile; fileRef = FFA5E815264DCB1F0042D694 /* PlayfairDisplay-Italic.ttf */; };
		FFA5E81C264DCBD70042D694 /* Font+Lato.swift in Sources */ = {isa = PBXBuildFile; fileRef = FFA5E81B264DCBD70042D694 /* Font+Lato.swift */; };
		FFA5E824264DCC4F0042D694 /* lato_black.ttf in Resources */ = {isa = PBXBuildFile; fileRef = FFA5E81D264DCC4E0042D694 /* lato_black.ttf */; };
		FFA5E825264DCC4F0042D694 /* lato_italic.ttf in Resources */ = {isa = PBXBuildFile; fileRef = FFA5E81E264DCC4E0042D694 /* lato_italic.ttf */; };
		FFA5E826264DCC4F0042D694 /* lato_regular.ttf in Resources */ = {isa = PBXBuildFile; fileRef = FFA5E81F264DCC4E0042D694 /* lato_regular.ttf */; };
		FFA5E827264DCC4F0042D694 /* lato_light.ttf in Resources */ = {isa = PBXBuildFile; fileRef = FFA5E820264DCC4E0042D694 /* lato_light.ttf */; };
		FFA5E828264DCC4F0042D694 /* lato_bold.ttf in Resources */ = {isa = PBXBuildFile; fileRef = FFA5E821264DCC4E0042D694 /* lato_bold.ttf */; };
		FFA5E829264DCC4F0042D694 /* lato_bolditalic.ttf in Resources */ = {isa = PBXBuildFile; fileRef = FFA5E822264DCC4F0042D694 /* lato_bolditalic.ttf */; };
		FFA5E82A264DCC4F0042D694 /* lato_lightitalic.ttf in Resources */ = {isa = PBXBuildFile; fileRef = FFA5E823264DCC4F0042D694 /* lato_lightitalic.ttf */; };
		FFA5E82C264DCF8E0042D694 /* Font+Utilities.swift in Sources */ = {isa = PBXBuildFile; fileRef = FFA5E82B264DCF8E0042D694 /* Font+Utilities.swift */; };
		FFA5E82E264DD5410042D694 /* Font+PlayfairDisplay.swift in Sources */ = {isa = PBXBuildFile; fileRef = FFA5E82D264DD5410042D694 /* Font+PlayfairDisplay.swift */; };
		FFA5E830264DD9000042D694 /* Font+Custom.swift in Sources */ = {isa = PBXBuildFile; fileRef = FFA5E82F264DD9000042D694 /* Font+Custom.swift */; };
		FFA5E832264DF7370042D694 /* Colors.xcassets in Resources */ = {isa = PBXBuildFile; fileRef = FFA5E831264DF7370042D694 /* Colors.xcassets */; };
		FFA5E835264DF7BB0042D694 /* Color+Custom.swift in Sources */ = {isa = PBXBuildFile; fileRef = FFA5E834264DF7BB0042D694 /* Color+Custom.swift */; };
		FFA5E892264EF7D80042D694 /* Images.xcassets in Resources */ = {isa = PBXBuildFile; fileRef = FFA5E891264EF7D80042D694 /* Images.xcassets */; };
		FFCBD3832667FA9D00F0AAAD /* Image+Custom.swift in Sources */ = {isa = PBXBuildFile; fileRef = FFCBD3822667FA9D00F0AAAD /* Image+Custom.swift */; };
		FFE636B0264D9ECD00F3D027 /* AssessmentModel.framework in Frameworks */ = {isa = PBXBuildFile; fileRef = FFE636AF264D9ECD00F3D027 /* AssessmentModel.framework */; };
		FFE636B1264D9ECD00F3D027 /* AssessmentModel.framework in Embed Frameworks */ = {isa = PBXBuildFile; fileRef = FFE636AF264D9ECD00F3D027 /* AssessmentModel.framework */; settings = {ATTRIBUTES = (CodeSignOnCopy, RemoveHeadersOnCopy, ); }; };
/* End PBXBuildFile section */

/* Begin PBXContainerItemProxy section */
		7555FF92242A565B00829871 /* PBXContainerItemProxy */ = {
			isa = PBXContainerItemProxy;
			containerPortal = 7555FF73242A565900829871 /* Project object */;
			proxyType = 1;
			remoteGlobalIDString = 7555FF7A242A565900829871;
			remoteInfo = iosApp;
		};
		7555FF9D242A565B00829871 /* PBXContainerItemProxy */ = {
			isa = PBXContainerItemProxy;
			containerPortal = 7555FF73242A565900829871 /* Project object */;
			proxyType = 1;
			remoteGlobalIDString = 7555FF7A242A565900829871;
			remoteInfo = iosApp;
		};
/* End PBXContainerItemProxy section */

/* Begin PBXCopyFilesBuildPhase section */
		FFE636B2264D9ECD00F3D027 /* Embed Frameworks */ = {
			isa = PBXCopyFilesBuildPhase;
			buildActionMask = 2147483647;
			dstPath = "";
			dstSubfolderSpec = 10;
			files = (
				FFE636B1264D9ECD00F3D027 /* AssessmentModel.framework in Embed Frameworks */,
			);
			name = "Embed Frameworks";
			runOnlyForDeploymentPostprocessing = 0;
		};
/* End PBXCopyFilesBuildPhase section */

/* Begin PBXFileReference section */
		7555FF7B242A565900829871 /* iosApp.app */ = {isa = PBXFileReference; explicitFileType = wrapper.application; includeInIndex = 0; path = iosApp.app; sourceTree = BUILT_PRODUCTS_DIR; };
		7555FF7E242A565900829871 /* AppDelegate.swift */ = {isa = PBXFileReference; lastKnownFileType = sourcecode.swift; path = AppDelegate.swift; sourceTree = "<group>"; };
		7555FF80242A565900829871 /* SceneDelegate.swift */ = {isa = PBXFileReference; lastKnownFileType = sourcecode.swift; path = SceneDelegate.swift; sourceTree = "<group>"; };
		7555FF82242A565900829871 /* ContentView.swift */ = {isa = PBXFileReference; lastKnownFileType = sourcecode.swift; path = ContentView.swift; sourceTree = "<group>"; };
		7555FF84242A565B00829871 /* Assets.xcassets */ = {isa = PBXFileReference; lastKnownFileType = folder.assetcatalog; path = Assets.xcassets; sourceTree = "<group>"; };
		7555FF87242A565B00829871 /* Preview Assets.xcassets */ = {isa = PBXFileReference; lastKnownFileType = folder.assetcatalog; path = "Preview Assets.xcassets"; sourceTree = "<group>"; };
		7555FF8A242A565B00829871 /* Base */ = {isa = PBXFileReference; lastKnownFileType = file.storyboard; name = Base; path = Base.lproj/LaunchScreen.storyboard; sourceTree = "<group>"; };
		7555FF8C242A565B00829871 /* Info.plist */ = {isa = PBXFileReference; lastKnownFileType = text.plist.xml; path = Info.plist; sourceTree = "<group>"; };
		7555FF91242A565B00829871 /* iosAppTests.xctest */ = {isa = PBXFileReference; explicitFileType = wrapper.cfbundle; includeInIndex = 0; path = iosAppTests.xctest; sourceTree = BUILT_PRODUCTS_DIR; };
		7555FF95242A565B00829871 /* iosAppTests.swift */ = {isa = PBXFileReference; lastKnownFileType = sourcecode.swift; path = iosAppTests.swift; sourceTree = "<group>"; };
		7555FF97242A565B00829871 /* Info.plist */ = {isa = PBXFileReference; lastKnownFileType = text.plist.xml; path = Info.plist; sourceTree = "<group>"; };
		7555FF9C242A565B00829871 /* iosAppUITests.xctest */ = {isa = PBXFileReference; explicitFileType = wrapper.cfbundle; includeInIndex = 0; path = iosAppUITests.xctest; sourceTree = BUILT_PRODUCTS_DIR; };
		7555FFA0242A565B00829871 /* iosAppUITests.swift */ = {isa = PBXFileReference; lastKnownFileType = sourcecode.swift; path = iosAppUITests.swift; sourceTree = "<group>"; };
		7555FFA2242A565B00829871 /* Info.plist */ = {isa = PBXFileReference; lastKnownFileType = text.plist.xml; path = Info.plist; sourceTree = "<group>"; };
		FF2ECC0D265C3DD900831866 /* Permissions.xcassets */ = {isa = PBXFileReference; lastKnownFileType = folder.assetcatalog; path = Permissions.xcassets; sourceTree = "<group>"; };
		FF2ECC10265C3E5300831866 /* PermissionsOnboarding.swift */ = {isa = PBXFileReference; lastKnownFileType = sourcecode.swift; path = PermissionsOnboarding.swift; sourceTree = "<group>"; };
		FF2ECC12265C3F0800831866 /* AssessmentModel+Utils.swift */ = {isa = PBXFileReference; lastKnownFileType = sourcecode.swift; path = "AssessmentModel+Utils.swift"; sourceTree = "<group>"; };
		FF2ECC14265C55A600831866 /* PreviewBranchNodeState.swift */ = {isa = PBXFileReference; lastKnownFileType = sourcecode.swift; path = PreviewBranchNodeState.swift; sourceTree = "<group>"; };
		FF6F6FBB266021B5007C6B92 /* SampleSurvey.swift */ = {isa = PBXFileReference; lastKnownFileType = sourcecode.swift; path = SampleSurvey.swift; sourceTree = "<group>"; };
		FF6F6FC62661A2F6007C6B92 /* JsonElement+Utils.swift */ = {isa = PBXFileReference; lastKnownFileType = sourcecode.swift; path = "JsonElement+Utils.swift"; sourceTree = "<group>"; };
		FF74AFFA264F3C4A00C48966 /* PagedNavigationViewModel.swift */ = {isa = PBXFileReference; lastKnownFileType = sourcecode.swift; path = PagedNavigationViewModel.swift; sourceTree = "<group>"; };
		FF74B05926545A3900C48966 /* BranchNavigationView.swift */ = {isa = PBXFileReference; lastKnownFileType = sourcecode.swift; path = BranchNavigationView.swift; sourceTree = "<group>"; };
		FF8AD1A3265C848F00C33260 /* PermissionsHandler.swift */ = {isa = PBXFileReference; lastKnownFileType = sourcecode.swift; path = PermissionsHandler.swift; sourceTree = "<group>"; };
		FF8AD203265D69C900C33260 /* LICENSE */ = {isa = PBXFileReference; lastKnownFileType = text; path = LICENSE; sourceTree = "<group>"; };
		FF8AD206265D69C900C33260 /* Bundle+Util.swift */ = {isa = PBXFileReference; lastKnownFileType = sourcecode.swift; path = "Bundle+Util.swift"; sourceTree = "<group>"; };
		FF8AD208265D69C900C33260 /* StandardPermission_Camera.json */ = {isa = PBXFileReference; lastKnownFileType = text.json; path = StandardPermission_Camera.json; sourceTree = "<group>"; };
		FF8AD20A265D69C900C33260 /* OpenWeather_Response.json */ = {isa = PBXFileReference; lastKnownFileType = text.json; path = OpenWeather_Response.json; sourceTree = "<group>"; };
		FF8AD20B265D69C900C33260 /* AirNow_Response.json */ = {isa = PBXFileReference; lastKnownFileType = text.json; path = AirNow_Response.json; sourceTree = "<group>"; };
		FF8AD20F265D69C900C33260 /* PermisssionAuthorizationTests.swift */ = {isa = PBXFileReference; lastKnownFileType = sourcecode.swift; path = PermisssionAuthorizationTests.swift; sourceTree = "<group>"; };
		FF8AD211265D69C900C33260 /* SystemClockTests.swift */ = {isa = PBXFileReference; lastKnownFileType = sourcecode.swift; path = SystemClockTests.swift; sourceTree = "<group>"; };
		FF8AD212265D69C900C33260 /* RecordSampleLoggerTests.swift */ = {isa = PBXFileReference; lastKnownFileType = sourcecode.swift; path = RecordSampleLoggerTests.swift; sourceTree = "<group>"; };
		FF8AD213265D69C900C33260 /* JsonDocumentableTests.swift */ = {isa = PBXFileReference; lastKnownFileType = sourcecode.swift; path = JsonDocumentableTests.swift; sourceTree = "<group>"; };
		FF8AD215265D69C900C33260 /* AirNowTests.swift */ = {isa = PBXFileReference; lastKnownFileType = sourcecode.swift; path = AirNowTests.swift; sourceTree = "<group>"; };
		FF8AD216265D69C900C33260 /* OpenWeatherTests.swift */ = {isa = PBXFileReference; lastKnownFileType = sourcecode.swift; path = OpenWeatherTests.swift; sourceTree = "<group>"; };
		FF8AD218265D69C900C33260 /* CodableMotionRecorderTests.swift */ = {isa = PBXFileReference; lastKnownFileType = sourcecode.swift; path = CodableMotionRecorderTests.swift; sourceTree = "<group>"; };
		FF8AD219265D69C900C33260 /* README.md */ = {isa = PBXFileReference; lastKnownFileType = net.daringfireball.markdown; path = README.md; sourceTree = "<group>"; };
		FF8AD21A265D69C900C33260 /* Package.resolved */ = {isa = PBXFileReference; lastKnownFileType = text; path = Package.resolved; sourceTree = "<group>"; };
		FF8AD21B265D69C900C33260 /* .gitignore */ = {isa = PBXFileReference; lastKnownFileType = text; path = .gitignore; sourceTree = "<group>"; };
		FF8AD21E265D69C900C33260 /* swift.yml */ = {isa = PBXFileReference; lastKnownFileType = text.yaml; path = swift.yml; sourceTree = "<group>"; };
		FF8AD21F265D69C900C33260 /* Package.swift */ = {isa = PBXFileReference; lastKnownFileType = sourcecode.swift; path = Package.swift; sourceTree = "<group>"; };
		FF8AD222265D69C900C33260 /* LocationAuthorization.swift */ = {isa = PBXFileReference; lastKnownFileType = sourcecode.swift; path = LocationAuthorization.swift; sourceTree = "<group>"; };
		FF8AD224265D69C900C33260 /* OpenWeatherService.swift */ = {isa = PBXFileReference; lastKnownFileType = sourcecode.swift; path = OpenWeatherService.swift; sourceTree = "<group>"; };
		FF8AD225265D69C900C33260 /* WeatherConfigurationObject+Vendor.swift */ = {isa = PBXFileReference; lastKnownFileType = sourcecode.swift; path = "WeatherConfigurationObject+Vendor.swift"; sourceTree = "<group>"; };
		FF8AD226265D69C900C33260 /* WeatherRecorder.swift */ = {isa = PBXFileReference; lastKnownFileType = sourcecode.swift; path = WeatherRecorder.swift; sourceTree = "<group>"; };
		FF8AD227265D69C900C33260 /* AirNowService.swift */ = {isa = PBXFileReference; lastKnownFileType = sourcecode.swift; path = AirNowService.swift; sourceTree = "<group>"; };
		FF8AD229265D69C900C33260 /* AudioRecorderAuthorization.swift */ = {isa = PBXFileReference; lastKnownFileType = sourcecode.swift; path = AudioRecorderAuthorization.swift; sourceTree = "<group>"; };
		FF8AD22A265D69C900C33260 /* AudioLevelRecord.swift */ = {isa = PBXFileReference; lastKnownFileType = sourcecode.swift; path = AudioLevelRecord.swift; sourceTree = "<group>"; };
		FF8AD22B265D69C900C33260 /* AudioRecorderConfiguration+Vendor.swift */ = {isa = PBXFileReference; lastKnownFileType = sourcecode.swift; path = "AudioRecorderConfiguration+Vendor.swift"; sourceTree = "<group>"; };
		FF8AD22C265D69C900C33260 /* AudioRecorder.swift */ = {isa = PBXFileReference; lastKnownFileType = sourcecode.swift; path = AudioRecorder.swift; sourceTree = "<group>"; };
		FF8AD22E265D69C900C33260 /* MotionRecorderConfiguration+Vendor.swift */ = {isa = PBXFileReference; lastKnownFileType = sourcecode.swift; path = "MotionRecorderConfiguration+Vendor.swift"; sourceTree = "<group>"; };
		FF8AD22F265D69C900C33260 /* MotionRecorder.swift */ = {isa = PBXFileReference; lastKnownFileType = sourcecode.swift; path = MotionRecorder.swift; sourceTree = "<group>"; };
		FF8AD230265D69C900C33260 /* MotionRecord.swift */ = {isa = PBXFileReference; lastKnownFileType = sourcecode.swift; path = MotionRecord.swift; sourceTree = "<group>"; };
		FF8AD231265D69C900C33260 /* MotionAuthorization.swift */ = {isa = PBXFileReference; lastKnownFileType = sourcecode.swift; path = MotionAuthorization.swift; sourceTree = "<group>"; };
		FF8AD233265D69C900C33260 /* DistanceRecorder.swift */ = {isa = PBXFileReference; lastKnownFileType = sourcecode.swift; path = DistanceRecorder.swift; sourceTree = "<group>"; };
		FF8AD234265D69C900C33260 /* DistanceRecord.swift */ = {isa = PBXFileReference; lastKnownFileType = sourcecode.swift; path = DistanceRecord.swift; sourceTree = "<group>"; };
		FF8AD235265D69C900C33260 /* DistanceRecorderConfiguration+Vendor.swift */ = {isa = PBXFileReference; lastKnownFileType = sourcecode.swift; path = "DistanceRecorderConfiguration+Vendor.swift"; sourceTree = "<group>"; };
		FF8AD237265D69C900C33260 /* MPDExceptionHandler.m */ = {isa = PBXFileReference; lastKnownFileType = sourcecode.c.objc; path = MPDExceptionHandler.m; sourceTree = "<group>"; };
		FF8AD239265D69C900C33260 /* MPDExceptionHandler.h */ = {isa = PBXFileReference; lastKnownFileType = sourcecode.c.h; path = MPDExceptionHandler.h; sourceTree = "<group>"; };
		FF8AD23C265D69C900C33260 /* NSLocale+UnitTest.h */ = {isa = PBXFileReference; lastKnownFileType = sourcecode.c.h; path = "NSLocale+UnitTest.h"; sourceTree = "<group>"; };
		FF8AD23D265D69C900C33260 /* NSLocale+UnitTest.m */ = {isa = PBXFileReference; lastKnownFileType = sourcecode.c.objc; path = "NSLocale+UnitTest.m"; sourceTree = "<group>"; };
		FF8AD240265D69C900C33260 /* DistanceRecorderConfiguration.swift */ = {isa = PBXFileReference; lastKnownFileType = sourcecode.swift; path = DistanceRecorderConfiguration.swift; sourceTree = "<group>"; };
		FF8AD241265D69C900C33260 /* WeatherConfiguration.swift */ = {isa = PBXFileReference; lastKnownFileType = sourcecode.swift; path = WeatherConfiguration.swift; sourceTree = "<group>"; };
		FF8AD242265D69C900C33260 /* AudioRecorderConfiguration.swift */ = {isa = PBXFileReference; lastKnownFileType = sourcecode.swift; path = AudioRecorderConfiguration.swift; sourceTree = "<group>"; };
		FF8AD243265D69C900C33260 /* MotionRecorderConfiguration.swift */ = {isa = PBXFileReference; lastKnownFileType = sourcecode.swift; path = MotionRecorderConfiguration.swift; sourceTree = "<group>"; };
		FF8AD245265D69C900C33260 /* AsyncActionStatus.swift */ = {isa = PBXFileReference; lastKnownFileType = sourcecode.swift; path = AsyncActionStatus.swift; sourceTree = "<group>"; };
		FF8AD246265D69C900C33260 /* AsyncActionController.swift */ = {isa = PBXFileReference; lastKnownFileType = sourcecode.swift; path = AsyncActionController.swift; sourceTree = "<group>"; };
		FF8AD247265D69C900C33260 /* AsyncActionConfiguration.swift */ = {isa = PBXFileReference; lastKnownFileType = sourcecode.swift; path = AsyncActionConfiguration.swift; sourceTree = "<group>"; };
		FF8AD248265D69C900C33260 /* ValidationError.swift */ = {isa = PBXFileReference; lastKnownFileType = sourcecode.swift; path = ValidationError.swift; sourceTree = "<group>"; };
		FF8AD24A265D69C900C33260 /* SystemClock.swift */ = {isa = PBXFileReference; lastKnownFileType = sourcecode.swift; path = SystemClock.swift; sourceTree = "<group>"; };
		FF8AD24B265D69C900C33260 /* SampleRecorder.swift */ = {isa = PBXFileReference; lastKnownFileType = sourcecode.swift; path = SampleRecorder.swift; sourceTree = "<group>"; };
		FF8AD24C265D69C900C33260 /* FileUtility.swift */ = {isa = PBXFileReference; lastKnownFileType = sourcecode.swift; path = FileUtility.swift; sourceTree = "<group>"; };
		FF8AD24D265D69C900C33260 /* RecordSampleLogger.swift */ = {isa = PBXFileReference; lastKnownFileType = sourcecode.swift; path = RecordSampleLogger.swift; sourceTree = "<group>"; };
		FF8AD24E265D69C900C33260 /* SampleRecord.swift */ = {isa = PBXFileReference; lastKnownFileType = sourcecode.swift; path = SampleRecord.swift; sourceTree = "<group>"; };
		FF8AD24F265D69C900C33260 /* RecordMarker.swift */ = {isa = PBXFileReference; lastKnownFileType = sourcecode.swift; path = RecordMarker.swift; sourceTree = "<group>"; };
		FF8AD250265D69C900C33260 /* RecorderConfiguration.swift */ = {isa = PBXFileReference; lastKnownFileType = sourcecode.swift; path = RecorderConfiguration.swift; sourceTree = "<group>"; };
		FF8AD251265D69C900C33260 /* StringSeparatedEncodingFormat.swift */ = {isa = PBXFileReference; lastKnownFileType = sourcecode.swift; path = StringSeparatedEncodingFormat.swift; sourceTree = "<group>"; };
		FF8AD252265D69C900C33260 /* DataLogger.swift */ = {isa = PBXFileReference; lastKnownFileType = sourcecode.swift; path = DataLogger.swift; sourceTree = "<group>"; };
		FF8AD254265D69C900C33260 /* SoundPlayer.swift */ = {isa = PBXFileReference; lastKnownFileType = sourcecode.swift; path = SoundPlayer.swift; sourceTree = "<group>"; };
		FF8AD255265D69C900C33260 /* AudioSessionSettings.swift */ = {isa = PBXFileReference; lastKnownFileType = sourcecode.swift; path = AudioSessionSettings.swift; sourceTree = "<group>"; };
		FF8AD256265D69C900C33260 /* VoicePrompter.swift */ = {isa = PBXFileReference; lastKnownFileType = sourcecode.swift; path = VoicePrompter.swift; sourceTree = "<group>"; };
		FF8AD257265D69C900C33260 /* AudioSessionController.swift */ = {isa = PBXFileReference; lastKnownFileType = sourcecode.swift; path = AudioSessionController.swift; sourceTree = "<group>"; };
		FF8AD259265D69C900C33260 /* MobilePassiveDataFactory.swift */ = {isa = PBXFileReference; lastKnownFileType = sourcecode.swift; path = MobilePassiveDataFactory.swift; sourceTree = "<group>"; };
		FF8AD25B265D69C900C33260 /* MotionRecorderConfigurationObject.swift */ = {isa = PBXFileReference; lastKnownFileType = sourcecode.swift; path = MotionRecorderConfigurationObject.swift; sourceTree = "<group>"; };
		FF8AD25C265D69C900C33260 /* AsyncActionConfigurationSerializer.swift */ = {isa = PBXFileReference; lastKnownFileType = sourcecode.swift; path = AsyncActionConfigurationSerializer.swift; sourceTree = "<group>"; };
		FF8AD25D265D69C900C33260 /* DistanceRecorderConfigurationObject.swift */ = {isa = PBXFileReference; lastKnownFileType = sourcecode.swift; path = DistanceRecorderConfigurationObject.swift; sourceTree = "<group>"; };
		FF8AD25E265D69C900C33260 /* AudioRecorderConfigurationObject.swift */ = {isa = PBXFileReference; lastKnownFileType = sourcecode.swift; path = AudioRecorderConfigurationObject.swift; sourceTree = "<group>"; };
		FF8AD25F265D69C900C33260 /* WeatherConfigurationObject.swift */ = {isa = PBXFileReference; lastKnownFileType = sourcecode.swift; path = WeatherConfigurationObject.swift; sourceTree = "<group>"; };
		FF8AD261265D69C900C33260 /* WeatherResult.swift */ = {isa = PBXFileReference; lastKnownFileType = sourcecode.swift; path = WeatherResult.swift; sourceTree = "<group>"; };
		FF8AD265265D69C900C33260 /* en */ = {isa = PBXFileReference; lastKnownFileType = text.plist.strings; name = en; path = en.lproj/Localizable.strings; sourceTree = "<group>"; };
		FF8AD266265D69C900C33260 /* Silence.wav */ = {isa = PBXFileReference; lastKnownFileType = audio.wav; path = Silence.wav; sourceTree = "<group>"; };
		FF8AD268265D69C900C33260 /* StandardPermission.swift */ = {isa = PBXFileReference; lastKnownFileType = sourcecode.swift; path = StandardPermission.swift; sourceTree = "<group>"; };
		FF8AD269265D69C900C33260 /* PermissionConfiguration.swift */ = {isa = PBXFileReference; lastKnownFileType = sourcecode.swift; path = PermissionConfiguration.swift; sourceTree = "<group>"; };
		FF8AD26A265D69C900C33260 /* PermissionType.swift */ = {isa = PBXFileReference; lastKnownFileType = sourcecode.swift; path = PermissionType.swift; sourceTree = "<group>"; };
		FF8AD26B265D69C900C33260 /* PermissionAuthorizationHandler.swift */ = {isa = PBXFileReference; lastKnownFileType = sourcecode.swift; path = PermissionAuthorizationHandler.swift; sourceTree = "<group>"; };
		FF8AD26C265D69C900C33260 /* PermissionAuthorizationStatus.swift */ = {isa = PBXFileReference; lastKnownFileType = sourcecode.swift; path = PermissionAuthorizationStatus.swift; sourceTree = "<group>"; };
		FF8AD26F265D69C900C33260 /* package.xcworkspace */ = {isa = PBXFileReference; lastKnownFileType = wrapper.workspace; path = package.xcworkspace; sourceTree = "<group>"; };
		FF8AD273265D69C900C33260 /* xcschememanagement.plist */ = {isa = PBXFileReference; lastKnownFileType = text.plist.xml; path = xcschememanagement.plist; sourceTree = "<group>"; };
		FF8F8D1E261F858900366307 /* AssessmentModel.framework */ = {isa = PBXFileReference; lastKnownFileType = wrapper.framework; name = AssessmentModel.framework; path = ../assessmentModel/build/bin/ios/debugFramework/AssessmentModel.framework; sourceTree = "<group>"; };
		FFA5E6FB264DA1FC0042D694 /* InstructionStepContentView.swift */ = {isa = PBXFileReference; lastKnownFileType = sourcecode.swift; path = InstructionStepContentView.swift; sourceTree = "<group>"; };
		FFA5E758264DBD7D0042D694 /* Bundle+module.swift */ = {isa = PBXFileReference; fileEncoding = 4; lastKnownFileType = sourcecode.swift; path = "Bundle+module.swift"; sourceTree = "<group>"; };
		FFA5E80E264DC36B0042D694 /* PagedNavigationBar.swift */ = {isa = PBXFileReference; lastKnownFileType = sourcecode.swift; path = PagedNavigationBar.swift; sourceTree = "<group>"; };
		FFA5E810264DC5830042D694 /* BranchViewModel.swift */ = {isa = PBXFileReference; lastKnownFileType = sourcecode.swift; path = BranchViewModel.swift; sourceTree = "<group>"; };
		FFA5E815264DCB1F0042D694 /* PlayfairDisplay-Italic.ttf */ = {isa = PBXFileReference; lastKnownFileType = file; path = "PlayfairDisplay-Italic.ttf"; sourceTree = "<group>"; };
		FFA5E81B264DCBD70042D694 /* Font+Lato.swift */ = {isa = PBXFileReference; fileEncoding = 4; lastKnownFileType = sourcecode.swift; path = "Font+Lato.swift"; sourceTree = "<group>"; };
		FFA5E81D264DCC4E0042D694 /* lato_black.ttf */ = {isa = PBXFileReference; lastKnownFileType = file; path = lato_black.ttf; sourceTree = "<group>"; };
		FFA5E81E264DCC4E0042D694 /* lato_italic.ttf */ = {isa = PBXFileReference; lastKnownFileType = file; path = lato_italic.ttf; sourceTree = "<group>"; };
		FFA5E81F264DCC4E0042D694 /* lato_regular.ttf */ = {isa = PBXFileReference; lastKnownFileType = file; path = lato_regular.ttf; sourceTree = "<group>"; };
		FFA5E820264DCC4E0042D694 /* lato_light.ttf */ = {isa = PBXFileReference; lastKnownFileType = file; path = lato_light.ttf; sourceTree = "<group>"; };
		FFA5E821264DCC4E0042D694 /* lato_bold.ttf */ = {isa = PBXFileReference; lastKnownFileType = file; path = lato_bold.ttf; sourceTree = "<group>"; };
		FFA5E822264DCC4F0042D694 /* lato_bolditalic.ttf */ = {isa = PBXFileReference; lastKnownFileType = file; path = lato_bolditalic.ttf; sourceTree = "<group>"; };
		FFA5E823264DCC4F0042D694 /* lato_lightitalic.ttf */ = {isa = PBXFileReference; lastKnownFileType = file; path = lato_lightitalic.ttf; sourceTree = "<group>"; };
		FFA5E82B264DCF8E0042D694 /* Font+Utilities.swift */ = {isa = PBXFileReference; lastKnownFileType = sourcecode.swift; path = "Font+Utilities.swift"; sourceTree = "<group>"; };
		FFA5E82D264DD5410042D694 /* Font+PlayfairDisplay.swift */ = {isa = PBXFileReference; lastKnownFileType = sourcecode.swift; path = "Font+PlayfairDisplay.swift"; sourceTree = "<group>"; };
		FFA5E82F264DD9000042D694 /* Font+Custom.swift */ = {isa = PBXFileReference; lastKnownFileType = sourcecode.swift; path = "Font+Custom.swift"; sourceTree = "<group>"; };
		FFA5E831264DF7370042D694 /* Colors.xcassets */ = {isa = PBXFileReference; lastKnownFileType = folder.assetcatalog; path = Colors.xcassets; sourceTree = "<group>"; };
		FFA5E834264DF7BB0042D694 /* Color+Custom.swift */ = {isa = PBXFileReference; lastKnownFileType = sourcecode.swift; path = "Color+Custom.swift"; sourceTree = "<group>"; };
		FFA5E891264EF7D80042D694 /* Images.xcassets */ = {isa = PBXFileReference; lastKnownFileType = folder.assetcatalog; path = Images.xcassets; sourceTree = "<group>"; };
		FFCBD3822667FA9D00F0AAAD /* Image+Custom.swift */ = {isa = PBXFileReference; fileEncoding = 4; lastKnownFileType = sourcecode.swift; path = "Image+Custom.swift"; sourceTree = "<group>"; };
		FFE636AF264D9ECD00F3D027 /* AssessmentModel.framework */ = {isa = PBXFileReference; lastKnownFileType = wrapper.framework; name = AssessmentModel.framework; path = ../assessmentModel/build/bin/ios/debugFramework/AssessmentModel.framework; sourceTree = "<group>"; };
/* End PBXFileReference section */

/* Begin PBXFrameworksBuildPhase section */
		7555FF78242A565900829871 /* Frameworks */ = {
			isa = PBXFrameworksBuildPhase;
			buildActionMask = 2147483647;
			files = (
				FF6F6DEC265DAD17007C6B92 /* AudioRecorder in Frameworks */,
				FF6F6DE6265DAD17007C6B92 /* MobilePassiveData in Frameworks */,
				FF6F6DEA265DAD17007C6B92 /* WeatherRecorder in Frameworks */,
				FFE636B0264D9ECD00F3D027 /* AssessmentModel.framework in Frameworks */,
				FF6F6DE8265DAD17007C6B92 /* MotionSensor in Frameworks */,
			);
			runOnlyForDeploymentPostprocessing = 0;
		};
		7555FF8E242A565B00829871 /* Frameworks */ = {
			isa = PBXFrameworksBuildPhase;
			buildActionMask = 2147483647;
			files = (
			);
			runOnlyForDeploymentPostprocessing = 0;
		};
		7555FF99242A565B00829871 /* Frameworks */ = {
			isa = PBXFrameworksBuildPhase;
			buildActionMask = 2147483647;
			files = (
			);
			runOnlyForDeploymentPostprocessing = 0;
		};
/* End PBXFrameworksBuildPhase section */

/* Begin PBXGroup section */
		7555FF72242A565900829871 = {
			isa = PBXGroup;
			children = (
				7555FF7D242A565900829871 /* iosApp */,
				7555FF94242A565B00829871 /* iosAppTests */,
				7555FF9F242A565B00829871 /* iosAppUITests */,
				7555FF7C242A565900829871 /* Products */,
				7555FFB0242A642200829871 /* Frameworks */,
			);
			sourceTree = "<group>";
		};
		7555FF7C242A565900829871 /* Products */ = {
			isa = PBXGroup;
			children = (
				7555FF7B242A565900829871 /* iosApp.app */,
				7555FF91242A565B00829871 /* iosAppTests.xctest */,
				7555FF9C242A565B00829871 /* iosAppUITests.xctest */,
			);
			name = Products;
			sourceTree = "<group>";
		};
		7555FF7D242A565900829871 /* iosApp */ = {
			isa = PBXGroup;
			children = (
				FFA5E758264DBD7D0042D694 /* Bundle+module.swift */,
				FF2ECC0F265C3E1C00831866 /* Preview Data */,
				FFA5E6FA264DA18C0042D694 /* AssessmentModelUI */,
				7555FF7E242A565900829871 /* AppDelegate.swift */,
				7555FF80242A565900829871 /* SceneDelegate.swift */,
				7555FF82242A565900829871 /* ContentView.swift */,
				7555FF89242A565B00829871 /* LaunchScreen.storyboard */,
				7555FF84242A565B00829871 /* Assets.xcassets */,
				7555FF8C242A565B00829871 /* Info.plist */,
				7555FF86242A565B00829871 /* Preview Content */,
			);
			path = iosApp;
			sourceTree = "<group>";
		};
		7555FF86242A565B00829871 /* Preview Content */ = {
			isa = PBXGroup;
			children = (
				7555FF87242A565B00829871 /* Preview Assets.xcassets */,
			);
			path = "Preview Content";
			sourceTree = "<group>";
		};
		7555FF94242A565B00829871 /* iosAppTests */ = {
			isa = PBXGroup;
			children = (
				7555FF95242A565B00829871 /* iosAppTests.swift */,
				7555FF97242A565B00829871 /* Info.plist */,
			);
			path = iosAppTests;
			sourceTree = "<group>";
		};
		7555FF9F242A565B00829871 /* iosAppUITests */ = {
			isa = PBXGroup;
			children = (
				7555FFA0242A565B00829871 /* iosAppUITests.swift */,
				7555FFA2242A565B00829871 /* Info.plist */,
			);
			path = iosAppUITests;
			sourceTree = "<group>";
		};
		7555FFB0242A642200829871 /* Frameworks */ = {
			isa = PBXGroup;
			children = (
				FF8AD202265D69C900C33260 /* MobilePassiveData-SDK */,
				FFE636AF264D9ECD00F3D027 /* AssessmentModel.framework */,
				FF8F8D1E261F858900366307 /* AssessmentModel.framework */,
			);
			name = Frameworks;
			sourceTree = "<group>";
		};
		FF2ECC0F265C3E1C00831866 /* Preview Data */ = {
			isa = PBXGroup;
			children = (
				FF2ECC0D265C3DD900831866 /* Permissions.xcassets */,
				FF2ECC10265C3E5300831866 /* PermissionsOnboarding.swift */,
				FF6F6FBB266021B5007C6B92 /* SampleSurvey.swift */,
				FF2ECC12265C3F0800831866 /* AssessmentModel+Utils.swift */,
				FF2ECC14265C55A600831866 /* PreviewBranchNodeState.swift */,
			);
			path = "Preview Data";
			sourceTree = "<group>";
		};
		FF6F6FC52661A270007C6B92 /* Utils */ = {
			isa = PBXGroup;
			children = (
				FF6F6FC62661A2F6007C6B92 /* JsonElement+Utils.swift */,
			);
			path = Utils;
			sourceTree = "<group>";
		};
		FF74AFF9264F3C0100C48966 /* ViewModels */ = {
			isa = PBXGroup;
			children = (
				FFA5E810264DC5830042D694 /* BranchViewModel.swift */,
				FF74AFFA264F3C4A00C48966 /* PagedNavigationViewModel.swift */,
				FF8AD1A3265C848F00C33260 /* PermissionsHandler.swift */,
			);
			path = ViewModels;
			sourceTree = "<group>";
		};
		FF8AD202265D69C900C33260 /* MobilePassiveData-SDK */ = {
			isa = PBXGroup;
			children = (
				FF8AD203265D69C900C33260 /* LICENSE */,
				FF8AD204265D69C900C33260 /* shared_resources */,
				FF8AD20C265D69C900C33260 /* Tests */,
				FF8AD219265D69C900C33260 /* README.md */,
				FF8AD21A265D69C900C33260 /* Package.resolved */,
				FF8AD21B265D69C900C33260 /* .gitignore */,
				FF8AD21C265D69C900C33260 /* .github */,
				FF8AD21F265D69C900C33260 /* Package.swift */,
				FF8AD220265D69C900C33260 /* Sources */,
				FF8AD26D265D69C900C33260 /* .swiftpm */,
			);
			name = "MobilePassiveData-SDK";
			path = "../../MobilePassiveData-SDK";
			sourceTree = "<group>";
		};
		FF8AD204265D69C900C33260 /* shared_resources */ = {
			isa = PBXGroup;
			children = (
				FF8AD205265D69C900C33260 /* tests */,
			);
			path = shared_resources;
			sourceTree = "<group>";
		};
		FF8AD205265D69C900C33260 /* tests */ = {
			isa = PBXGroup;
			children = (
				FF8AD206265D69C900C33260 /* Bundle+Util.swift */,
				FF8AD207265D69C900C33260 /* Json */,
			);
			path = tests;
			sourceTree = "<group>";
		};
		FF8AD207265D69C900C33260 /* Json */ = {
			isa = PBXGroup;
			children = (
				FF8AD208265D69C900C33260 /* StandardPermission_Camera.json */,
				FF8AD209265D69C900C33260 /* WeatherRecorder */,
			);
			path = Json;
			sourceTree = "<group>";
		};
		FF8AD209265D69C900C33260 /* WeatherRecorder */ = {
			isa = PBXGroup;
			children = (
				FF8AD20A265D69C900C33260 /* OpenWeather_Response.json */,
				FF8AD20B265D69C900C33260 /* AirNow_Response.json */,
			);
			path = WeatherRecorder;
			sourceTree = "<group>";
		};
		FF8AD20C265D69C900C33260 /* Tests */ = {
			isa = PBXGroup;
			children = (
				FF8AD20D265D69C900C33260 /* MobilePassiveDataTests */,
				FF8AD214265D69C900C33260 /* WeatherRecorderTests */,
				FF8AD217265D69C900C33260 /* MotionSensorTests */,
			);
			path = Tests;
			sourceTree = "<group>";
		};
		FF8AD20D265D69C900C33260 /* MobilePassiveDataTests */ = {
			isa = PBXGroup;
			children = (
				FF8AD20E265D69C900C33260 /* PermissionAuthorizationTests */,
				FF8AD210265D69C900C33260 /* RecordersTests */,
				FF8AD213265D69C900C33260 /* JsonDocumentableTests.swift */,
			);
			path = MobilePassiveDataTests;
			sourceTree = "<group>";
		};
		FF8AD20E265D69C900C33260 /* PermissionAuthorizationTests */ = {
			isa = PBXGroup;
			children = (
				FF8AD20F265D69C900C33260 /* PermisssionAuthorizationTests.swift */,
			);
			path = PermissionAuthorizationTests;
			sourceTree = "<group>";
		};
		FF8AD210265D69C900C33260 /* RecordersTests */ = {
			isa = PBXGroup;
			children = (
				FF8AD211265D69C900C33260 /* SystemClockTests.swift */,
				FF8AD212265D69C900C33260 /* RecordSampleLoggerTests.swift */,
			);
			path = RecordersTests;
			sourceTree = "<group>";
		};
		FF8AD214265D69C900C33260 /* WeatherRecorderTests */ = {
			isa = PBXGroup;
			children = (
				FF8AD215265D69C900C33260 /* AirNowTests.swift */,
				FF8AD216265D69C900C33260 /* OpenWeatherTests.swift */,
			);
			path = WeatherRecorderTests;
			sourceTree = "<group>";
		};
		FF8AD217265D69C900C33260 /* MotionSensorTests */ = {
			isa = PBXGroup;
			children = (
				FF8AD218265D69C900C33260 /* CodableMotionRecorderTests.swift */,
			);
			path = MotionSensorTests;
			sourceTree = "<group>";
		};
		FF8AD21C265D69C900C33260 /* .github */ = {
			isa = PBXGroup;
			children = (
				FF8AD21D265D69C900C33260 /* workflows */,
			);
			path = .github;
			sourceTree = "<group>";
		};
		FF8AD21D265D69C900C33260 /* workflows */ = {
			isa = PBXGroup;
			children = (
				FF8AD21E265D69C900C33260 /* swift.yml */,
			);
			path = workflows;
			sourceTree = "<group>";
		};
		FF8AD220265D69C900C33260 /* Sources */ = {
			isa = PBXGroup;
			children = (
				FF8AD221265D69C900C33260 /* LocationAuthorization */,
				FF8AD223265D69C900C33260 /* WeatherRecorder */,
				FF8AD228265D69C900C33260 /* AudioRecorder */,
				FF8AD22D265D69C900C33260 /* MotionSensor */,
				FF8AD232265D69C900C33260 /* DistanceRecorder */,
				FF8AD236265D69C900C33260 /* ExceptionHandler */,
				FF8AD23A265D69C900C33260 /* NSLocaleSwizzle */,
				FF8AD23E265D69C900C33260 /* MobilePassiveData */,
			);
			path = Sources;
			sourceTree = "<group>";
		};
		FF8AD221265D69C900C33260 /* LocationAuthorization */ = {
			isa = PBXGroup;
			children = (
				FF8AD222265D69C900C33260 /* LocationAuthorization.swift */,
			);
			path = LocationAuthorization;
			sourceTree = "<group>";
		};
		FF8AD223265D69C900C33260 /* WeatherRecorder */ = {
			isa = PBXGroup;
			children = (
				FF8AD224265D69C900C33260 /* OpenWeatherService.swift */,
				FF8AD225265D69C900C33260 /* WeatherConfigurationObject+Vendor.swift */,
				FF8AD226265D69C900C33260 /* WeatherRecorder.swift */,
				FF8AD227265D69C900C33260 /* AirNowService.swift */,
			);
			path = WeatherRecorder;
			sourceTree = "<group>";
		};
		FF8AD228265D69C900C33260 /* AudioRecorder */ = {
			isa = PBXGroup;
			children = (
				FF8AD229265D69C900C33260 /* AudioRecorderAuthorization.swift */,
				FF8AD22A265D69C900C33260 /* AudioLevelRecord.swift */,
				FF8AD22B265D69C900C33260 /* AudioRecorderConfiguration+Vendor.swift */,
				FF8AD22C265D69C900C33260 /* AudioRecorder.swift */,
			);
			path = AudioRecorder;
			sourceTree = "<group>";
		};
		FF8AD22D265D69C900C33260 /* MotionSensor */ = {
			isa = PBXGroup;
			children = (
				FF8AD22E265D69C900C33260 /* MotionRecorderConfiguration+Vendor.swift */,
				FF8AD22F265D69C900C33260 /* MotionRecorder.swift */,
				FF8AD230265D69C900C33260 /* MotionRecord.swift */,
				FF8AD231265D69C900C33260 /* MotionAuthorization.swift */,
			);
			path = MotionSensor;
			sourceTree = "<group>";
		};
		FF8AD232265D69C900C33260 /* DistanceRecorder */ = {
			isa = PBXGroup;
			children = (
				FF8AD233265D69C900C33260 /* DistanceRecorder.swift */,
				FF8AD234265D69C900C33260 /* DistanceRecord.swift */,
				FF8AD235265D69C900C33260 /* DistanceRecorderConfiguration+Vendor.swift */,
			);
			path = DistanceRecorder;
			sourceTree = "<group>";
		};
		FF8AD236265D69C900C33260 /* ExceptionHandler */ = {
			isa = PBXGroup;
			children = (
				FF8AD237265D69C900C33260 /* MPDExceptionHandler.m */,
				FF8AD238265D69C900C33260 /* include */,
			);
			path = ExceptionHandler;
			sourceTree = "<group>";
		};
		FF8AD238265D69C900C33260 /* include */ = {
			isa = PBXGroup;
			children = (
				FF8AD239265D69C900C33260 /* MPDExceptionHandler.h */,
			);
			path = include;
			sourceTree = "<group>";
		};
		FF8AD23A265D69C900C33260 /* NSLocaleSwizzle */ = {
			isa = PBXGroup;
			children = (
				FF8AD23B265D69C900C33260 /* include */,
				FF8AD23D265D69C900C33260 /* NSLocale+UnitTest.m */,
			);
			path = NSLocaleSwizzle;
			sourceTree = "<group>";
		};
		FF8AD23B265D69C900C33260 /* include */ = {
			isa = PBXGroup;
			children = (
				FF8AD23C265D69C900C33260 /* NSLocale+UnitTest.h */,
			);
			path = include;
			sourceTree = "<group>";
		};
		FF8AD23E265D69C900C33260 /* MobilePassiveData */ = {
			isa = PBXGroup;
			children = (
				FF8AD23F265D69C900C33260 /* Configuations */,
				FF8AD244265D69C900C33260 /* AsyncActions */,
				FF8AD249265D69C900C33260 /* SampleRecorder */,
				FF8AD253265D69C900C33260 /* AudioSoundToolbox */,
				FF8AD258265D69C900C33260 /* Serialization */,
				FF8AD262265D69C900C33260 /* Resources */,
				FF8AD267265D69C900C33260 /* Permissions */,
			);
			path = MobilePassiveData;
			sourceTree = "<group>";
		};
		FF8AD23F265D69C900C33260 /* Configuations */ = {
			isa = PBXGroup;
			children = (
				FF8AD240265D69C900C33260 /* DistanceRecorderConfiguration.swift */,
				FF8AD241265D69C900C33260 /* WeatherConfiguration.swift */,
				FF8AD242265D69C900C33260 /* AudioRecorderConfiguration.swift */,
				FF8AD243265D69C900C33260 /* MotionRecorderConfiguration.swift */,
			);
			path = Configuations;
			sourceTree = "<group>";
		};
		FF8AD244265D69C900C33260 /* AsyncActions */ = {
			isa = PBXGroup;
			children = (
				FF8AD245265D69C900C33260 /* AsyncActionStatus.swift */,
				FF8AD246265D69C900C33260 /* AsyncActionController.swift */,
				FF8AD247265D69C900C33260 /* AsyncActionConfiguration.swift */,
				FF8AD248265D69C900C33260 /* ValidationError.swift */,
			);
			path = AsyncActions;
			sourceTree = "<group>";
		};
		FF8AD249265D69C900C33260 /* SampleRecorder */ = {
			isa = PBXGroup;
			children = (
				FF8AD24A265D69C900C33260 /* SystemClock.swift */,
				FF8AD24B265D69C900C33260 /* SampleRecorder.swift */,
				FF8AD24C265D69C900C33260 /* FileUtility.swift */,
				FF8AD24D265D69C900C33260 /* RecordSampleLogger.swift */,
				FF8AD24E265D69C900C33260 /* SampleRecord.swift */,
				FF8AD24F265D69C900C33260 /* RecordMarker.swift */,
				FF8AD250265D69C900C33260 /* RecorderConfiguration.swift */,
				FF8AD251265D69C900C33260 /* StringSeparatedEncodingFormat.swift */,
				FF8AD252265D69C900C33260 /* DataLogger.swift */,
			);
			path = SampleRecorder;
			sourceTree = "<group>";
		};
		FF8AD253265D69C900C33260 /* AudioSoundToolbox */ = {
			isa = PBXGroup;
			children = (
				FF8AD254265D69C900C33260 /* SoundPlayer.swift */,
				FF8AD255265D69C900C33260 /* AudioSessionSettings.swift */,
				FF8AD256265D69C900C33260 /* VoicePrompter.swift */,
				FF8AD257265D69C900C33260 /* AudioSessionController.swift */,
			);
			path = AudioSoundToolbox;
			sourceTree = "<group>";
		};
		FF8AD258265D69C900C33260 /* Serialization */ = {
			isa = PBXGroup;
			children = (
				FF8AD259265D69C900C33260 /* MobilePassiveDataFactory.swift */,
				FF8AD25A265D69C900C33260 /* AsyncActionConfigurations */,
				FF8AD260265D69C900C33260 /* Results */,
			);
			path = Serialization;
			sourceTree = "<group>";
		};
		FF8AD25A265D69C900C33260 /* AsyncActionConfigurations */ = {
			isa = PBXGroup;
			children = (
				FF8AD25B265D69C900C33260 /* MotionRecorderConfigurationObject.swift */,
				FF8AD25C265D69C900C33260 /* AsyncActionConfigurationSerializer.swift */,
				FF8AD25D265D69C900C33260 /* DistanceRecorderConfigurationObject.swift */,
				FF8AD25E265D69C900C33260 /* AudioRecorderConfigurationObject.swift */,
				FF8AD25F265D69C900C33260 /* WeatherConfigurationObject.swift */,
			);
			path = AsyncActionConfigurations;
			sourceTree = "<group>";
		};
		FF8AD260265D69C900C33260 /* Results */ = {
			isa = PBXGroup;
			children = (
				FF8AD261265D69C900C33260 /* WeatherResult.swift */,
			);
			path = Results;
			sourceTree = "<group>";
		};
		FF8AD262265D69C900C33260 /* Resources */ = {
			isa = PBXGroup;
			children = (
				FF8AD263265D69C900C33260 /* Strings */,
				FF8AD266265D69C900C33260 /* Silence.wav */,
			);
			path = Resources;
			sourceTree = "<group>";
		};
		FF8AD263265D69C900C33260 /* Strings */ = {
			isa = PBXGroup;
			children = (
				FF8AD264265D69C900C33260 /* Localizable.strings */,
			);
			path = Strings;
			sourceTree = "<group>";
		};
		FF8AD267265D69C900C33260 /* Permissions */ = {
			isa = PBXGroup;
			children = (
				FF8AD268265D69C900C33260 /* StandardPermission.swift */,
				FF8AD269265D69C900C33260 /* PermissionConfiguration.swift */,
				FF8AD26A265D69C900C33260 /* PermissionType.swift */,
				FF8AD26B265D69C900C33260 /* PermissionAuthorizationHandler.swift */,
				FF8AD26C265D69C900C33260 /* PermissionAuthorizationStatus.swift */,
			);
			path = Permissions;
			sourceTree = "<group>";
		};
		FF8AD26D265D69C900C33260 /* .swiftpm */ = {
			isa = PBXGroup;
			children = (
				FF8AD26E265D69C900C33260 /* xcode */,
			);
			path = .swiftpm;
			sourceTree = "<group>";
		};
		FF8AD26E265D69C900C33260 /* xcode */ = {
			isa = PBXGroup;
			children = (
				FF8AD26F265D69C900C33260 /* package.xcworkspace */,
				FF8AD270265D69C900C33260 /* xcuserdata */,
			);
			path = xcode;
			sourceTree = "<group>";
		};
		FF8AD270265D69C900C33260 /* xcuserdata */ = {
			isa = PBXGroup;
			children = (
				FF8AD271265D69C900C33260 /* syoung.xcuserdatad */,
			);
			path = xcuserdata;
			sourceTree = "<group>";
		};
		FF8AD271265D69C900C33260 /* syoung.xcuserdatad */ = {
			isa = PBXGroup;
			children = (
				FF8AD272265D69C900C33260 /* xcschemes */,
			);
			path = syoung.xcuserdatad;
			sourceTree = "<group>";
		};
		FF8AD272265D69C900C33260 /* xcschemes */ = {
			isa = PBXGroup;
			children = (
				FF8AD273265D69C900C33260 /* xcschememanagement.plist */,
			);
			path = xcschemes;
			sourceTree = "<group>";
		};
		FFA5E6FA264DA18C0042D694 /* AssessmentModelUI */ = {
			isa = PBXGroup;
			children = (
				FFA5E813264DCAEC0042D694 /* Resources */,
				FFA5E833264DF7980042D694 /* Resource Extensions */,
				FFA5E80D264DC3470042D694 /* Views */,
				FF74AFF9264F3C0100C48966 /* ViewModels */,
				FF6F6FC52661A270007C6B92 /* Utils */,
			);
			name = AssessmentModelUI;
			path = ../../SwiftPackage/Sources/AssessmentModelUI;
			sourceTree = "<group>";
		};
		FFA5E80D264DC3470042D694 /* Views */ = {
			isa = PBXGroup;
			children = (
				FFA5E6FB264DA1FC0042D694 /* InstructionStepContentView.swift */,
				FFA5E80E264DC36B0042D694 /* PagedNavigationBar.swift */,
				FF74B05926545A3900C48966 /* BranchNavigationView.swift */,
			);
			path = Views;
			sourceTree = "<group>";
		};
		FFA5E812264DCAD90042D694 /* Fonts */ = {
			isa = PBXGroup;
			children = (
				FFA5E81B264DCBD70042D694 /* Font+Lato.swift */,
				FFA5E82D264DD5410042D694 /* Font+PlayfairDisplay.swift */,
				FFA5E82B264DCF8E0042D694 /* Font+Utilities.swift */,
			);
			path = Fonts;
			sourceTree = "<group>";
		};
		FFA5E813264DCAEC0042D694 /* Resources */ = {
			isa = PBXGroup;
			children = (
				FFA5E814264DCAFC0042D694 /* Fonts */,
				FFA5E831264DF7370042D694 /* Colors.xcassets */,
				FFA5E891264EF7D80042D694 /* Images.xcassets */,
			);
			path = Resources;
			sourceTree = "<group>";
		};
		FFA5E814264DCAFC0042D694 /* Fonts */ = {
			isa = PBXGroup;
			children = (
				FFA5E81D264DCC4E0042D694 /* lato_black.ttf */,
				FFA5E821264DCC4E0042D694 /* lato_bold.ttf */,
				FFA5E822264DCC4F0042D694 /* lato_bolditalic.ttf */,
				FFA5E81E264DCC4E0042D694 /* lato_italic.ttf */,
				FFA5E820264DCC4E0042D694 /* lato_light.ttf */,
				FFA5E823264DCC4F0042D694 /* lato_lightitalic.ttf */,
				FFA5E81F264DCC4E0042D694 /* lato_regular.ttf */,
				FFA5E815264DCB1F0042D694 /* PlayfairDisplay-Italic.ttf */,
			);
			path = Fonts;
			sourceTree = "<group>";
		};
		FFA5E833264DF7980042D694 /* Resource Extensions */ = {
			isa = PBXGroup;
			children = (
				FFA5E812264DCAD90042D694 /* Fonts */,
				FFA5E82F264DD9000042D694 /* Font+Custom.swift */,
				FFCBD3822667FA9D00F0AAAD /* Image+Custom.swift */,
				FFA5E834264DF7BB0042D694 /* Color+Custom.swift */,
			);
			path = "Resource Extensions";
			sourceTree = "<group>";
		};
/* End PBXGroup section */

/* Begin PBXNativeTarget section */
		7555FF7A242A565900829871 /* iosApp */ = {
			isa = PBXNativeTarget;
			buildConfigurationList = 7555FFA5242A565B00829871 /* Build configuration list for PBXNativeTarget "iosApp" */;
			buildPhases = (
				7555FFB5242A651A00829871 /* ShellScript */,
				7555FF77242A565900829871 /* Sources */,
				7555FF78242A565900829871 /* Frameworks */,
				7555FF79242A565900829871 /* Resources */,
				FFE636B2264D9ECD00F3D027 /* Embed Frameworks */,
			);
			buildRules = (
			);
			dependencies = (
			);
			name = iosApp;
			packageProductDependencies = (
				FF6F6DE5265DAD17007C6B92 /* MobilePassiveData */,
				FF6F6DE7265DAD17007C6B92 /* MotionSensor */,
				FF6F6DE9265DAD17007C6B92 /* WeatherRecorder */,
				FF6F6DEB265DAD17007C6B92 /* AudioRecorder */,
			);
			productName = iosApp;
			productReference = 7555FF7B242A565900829871 /* iosApp.app */;
			productType = "com.apple.product-type.application";
		};
		7555FF90242A565B00829871 /* iosAppTests */ = {
			isa = PBXNativeTarget;
			buildConfigurationList = 7555FFA8242A565B00829871 /* Build configuration list for PBXNativeTarget "iosAppTests" */;
			buildPhases = (
				7555FF8D242A565B00829871 /* Sources */,
				7555FF8E242A565B00829871 /* Frameworks */,
				7555FF8F242A565B00829871 /* Resources */,
			);
			buildRules = (
			);
			dependencies = (
				7555FF93242A565B00829871 /* PBXTargetDependency */,
			);
			name = iosAppTests;
			productName = iosAppTests;
			productReference = 7555FF91242A565B00829871 /* iosAppTests.xctest */;
			productType = "com.apple.product-type.bundle.unit-test";
		};
		7555FF9B242A565B00829871 /* iosAppUITests */ = {
			isa = PBXNativeTarget;
			buildConfigurationList = 7555FFAB242A565B00829871 /* Build configuration list for PBXNativeTarget "iosAppUITests" */;
			buildPhases = (
				7555FF98242A565B00829871 /* Sources */,
				7555FF99242A565B00829871 /* Frameworks */,
				7555FF9A242A565B00829871 /* Resources */,
			);
			buildRules = (
			);
			dependencies = (
				7555FF9E242A565B00829871 /* PBXTargetDependency */,
			);
			name = iosAppUITests;
			productName = iosAppUITests;
			productReference = 7555FF9C242A565B00829871 /* iosAppUITests.xctest */;
			productType = "com.apple.product-type.bundle.ui-testing";
		};
/* End PBXNativeTarget section */

/* Begin PBXProject section */
		7555FF73242A565900829871 /* Project object */ = {
			isa = PBXProject;
			attributes = {
				LastSwiftUpdateCheck = 1130;
				LastUpgradeCheck = 1240;
				ORGANIZATIONNAME = orgName;
				TargetAttributes = {
					7555FF7A242A565900829871 = {
						CreatedOnToolsVersion = 11.3.1;
					};
					7555FF90242A565B00829871 = {
						CreatedOnToolsVersion = 11.3.1;
						TestTargetID = 7555FF7A242A565900829871;
					};
					7555FF9B242A565B00829871 = {
						CreatedOnToolsVersion = 11.3.1;
						TestTargetID = 7555FF7A242A565900829871;
					};
				};
			};
			buildConfigurationList = 7555FF76242A565900829871 /* Build configuration list for PBXProject "iosApp" */;
			compatibilityVersion = "Xcode 9.3";
			developmentRegion = en;
			hasScannedForEncodings = 0;
			knownRegions = (
				en,
				Base,
			);
			mainGroup = 7555FF72242A565900829871;
			packageReferences = (
				FF6F6DE4265DAD17007C6B92 /* XCRemoteSwiftPackageReference "MobilePassiveData-SDK" */,
			);
			productRefGroup = 7555FF7C242A565900829871 /* Products */;
			projectDirPath = "";
			projectRoot = "";
			targets = (
				7555FF7A242A565900829871 /* iosApp */,
				7555FF90242A565B00829871 /* iosAppTests */,
				7555FF9B242A565B00829871 /* iosAppUITests */,
			);
		};
/* End PBXProject section */

/* Begin PBXResourcesBuildPhase section */
		7555FF79242A565900829871 /* Resources */ = {
			isa = PBXResourcesBuildPhase;
			buildActionMask = 2147483647;
			files = (
				FFA5E825264DCC4F0042D694 /* lato_italic.ttf in Resources */,
				FFA5E824264DCC4F0042D694 /* lato_black.ttf in Resources */,
				FF2ECC0E265C3DD900831866 /* Permissions.xcassets in Resources */,
				7555FF8B242A565B00829871 /* LaunchScreen.storyboard in Resources */,
				FFA5E892264EF7D80042D694 /* Images.xcassets in Resources */,
				FFA5E829264DCC4F0042D694 /* lato_bolditalic.ttf in Resources */,
				FFA5E827264DCC4F0042D694 /* lato_light.ttf in Resources */,
				7555FF88242A565B00829871 /* Preview Assets.xcassets in Resources */,
				FFA5E826264DCC4F0042D694 /* lato_regular.ttf in Resources */,
				FFA5E828264DCC4F0042D694 /* lato_bold.ttf in Resources */,
				FFA5E82A264DCC4F0042D694 /* lato_lightitalic.ttf in Resources */,
				FFA5E832264DF7370042D694 /* Colors.xcassets in Resources */,
				7555FF85242A565B00829871 /* Assets.xcassets in Resources */,
				FFA5E817264DCB1F0042D694 /* PlayfairDisplay-Italic.ttf in Resources */,
			);
			runOnlyForDeploymentPostprocessing = 0;
		};
		7555FF8F242A565B00829871 /* Resources */ = {
			isa = PBXResourcesBuildPhase;
			buildActionMask = 2147483647;
			files = (
			);
			runOnlyForDeploymentPostprocessing = 0;
		};
		7555FF9A242A565B00829871 /* Resources */ = {
			isa = PBXResourcesBuildPhase;
			buildActionMask = 2147483647;
			files = (
			);
			runOnlyForDeploymentPostprocessing = 0;
		};
/* End PBXResourcesBuildPhase section */

/* Begin PBXShellScriptBuildPhase section */
		7555FFB5242A651A00829871 /* ShellScript */ = {
			isa = PBXShellScriptBuildPhase;
			buildActionMask = 2147483647;
			files = (
			);
			inputFileListPaths = (
			);
			inputPaths = (
			);
			outputFileListPaths = (
			);
			outputPaths = (
			);
			runOnlyForDeploymentPostprocessing = 0;
			shellPath = /bin/sh;
			shellScript = "cd \"$SRCROOT/..\"\n./gradlew :assessmentModel:packForXCode -PXCODE_CONFIGURATION=${CONFIGURATION}\n";
		};
/* End PBXShellScriptBuildPhase section */

/* Begin PBXSourcesBuildPhase section */
		7555FF77242A565900829871 /* Sources */ = {
			isa = PBXSourcesBuildPhase;
			buildActionMask = 2147483647;
			files = (
				FF6F6FC72661A2F6007C6B92 /* JsonElement+Utils.swift in Sources */,
				FF2ECC11265C3E5300831866 /* PermissionsOnboarding.swift in Sources */,
				FFA5E830264DD9000042D694 /* Font+Custom.swift in Sources */,
				FFA5E759264DBD7D0042D694 /* Bundle+module.swift in Sources */,
				7555FF7F242A565900829871 /* AppDelegate.swift in Sources */,
				FFA5E835264DF7BB0042D694 /* Color+Custom.swift in Sources */,
				FFA5E6FC264DA1FC0042D694 /* InstructionStepContentView.swift in Sources */,
				7555FF81242A565900829871 /* SceneDelegate.swift in Sources */,
				FFA5E82C264DCF8E0042D694 /* Font+Utilities.swift in Sources */,
				FFA5E81C264DCBD70042D694 /* Font+Lato.swift in Sources */,
				FF2ECC13265C3F0800831866 /* AssessmentModel+Utils.swift in Sources */,
				FFA5E80F264DC36B0042D694 /* PagedNavigationBar.swift in Sources */,
				FFCBD3832667FA9D00F0AAAD /* Image+Custom.swift in Sources */,
				FF74AFFB264F3C4A00C48966 /* PagedNavigationViewModel.swift in Sources */,
				FF74B05A26545A3900C48966 /* BranchNavigationView.swift in Sources */,
				FFA5E811264DC5830042D694 /* BranchViewModel.swift in Sources */,
				FF2ECC15265C55A600831866 /* PreviewBranchNodeState.swift in Sources */,
				FFA5E82E264DD5410042D694 /* Font+PlayfairDisplay.swift in Sources */,
				7555FF83242A565900829871 /* ContentView.swift in Sources */,
				FF6F6FBC266021B5007C6B92 /* SampleSurvey.swift in Sources */,
				FF8AD1A4265C848F00C33260 /* PermissionsHandler.swift in Sources */,
			);
			runOnlyForDeploymentPostprocessing = 0;
		};
		7555FF8D242A565B00829871 /* Sources */ = {
			isa = PBXSourcesBuildPhase;
			buildActionMask = 2147483647;
			files = (
				7555FF96242A565B00829871 /* iosAppTests.swift in Sources */,
			);
			runOnlyForDeploymentPostprocessing = 0;
		};
		7555FF98242A565B00829871 /* Sources */ = {
			isa = PBXSourcesBuildPhase;
			buildActionMask = 2147483647;
			files = (
				7555FFA1242A565B00829871 /* iosAppUITests.swift in Sources */,
			);
			runOnlyForDeploymentPostprocessing = 0;
		};
/* End PBXSourcesBuildPhase section */

/* Begin PBXTargetDependency section */
		7555FF93242A565B00829871 /* PBXTargetDependency */ = {
			isa = PBXTargetDependency;
			target = 7555FF7A242A565900829871 /* iosApp */;
			targetProxy = 7555FF92242A565B00829871 /* PBXContainerItemProxy */;
		};
		7555FF9E242A565B00829871 /* PBXTargetDependency */ = {
			isa = PBXTargetDependency;
			target = 7555FF7A242A565900829871 /* iosApp */;
			targetProxy = 7555FF9D242A565B00829871 /* PBXContainerItemProxy */;
		};
/* End PBXTargetDependency section */

/* Begin PBXVariantGroup section */
		7555FF89242A565B00829871 /* LaunchScreen.storyboard */ = {
			isa = PBXVariantGroup;
			children = (
				7555FF8A242A565B00829871 /* Base */,
			);
			name = LaunchScreen.storyboard;
			sourceTree = "<group>";
		};
		FF8AD264265D69C900C33260 /* Localizable.strings */ = {
			isa = PBXVariantGroup;
			children = (
				FF8AD265265D69C900C33260 /* en */,
			);
			name = Localizable.strings;
			sourceTree = "<group>";
		};
/* End PBXVariantGroup section */

/* Begin XCBuildConfiguration section */
		7555FFA3242A565B00829871 /* Debug */ = {
			isa = XCBuildConfiguration;
			buildSettings = {
				ALWAYS_SEARCH_USER_PATHS = NO;
				CLANG_ANALYZER_NONNULL = YES;
				CLANG_ANALYZER_NUMBER_OBJECT_CONVERSION = YES_AGGRESSIVE;
				CLANG_CXX_LANGUAGE_STANDARD = "gnu++14";
				CLANG_CXX_LIBRARY = "libc++";
				CLANG_ENABLE_MODULES = YES;
				CLANG_ENABLE_OBJC_ARC = YES;
				CLANG_ENABLE_OBJC_WEAK = YES;
				CLANG_WARN_BLOCK_CAPTURE_AUTORELEASING = YES;
				CLANG_WARN_BOOL_CONVERSION = YES;
				CLANG_WARN_COMMA = YES;
				CLANG_WARN_CONSTANT_CONVERSION = YES;
				CLANG_WARN_DEPRECATED_OBJC_IMPLEMENTATIONS = YES;
				CLANG_WARN_DIRECT_OBJC_ISA_USAGE = YES_ERROR;
				CLANG_WARN_DOCUMENTATION_COMMENTS = YES;
				CLANG_WARN_EMPTY_BODY = YES;
				CLANG_WARN_ENUM_CONVERSION = YES;
				CLANG_WARN_INFINITE_RECURSION = YES;
				CLANG_WARN_INT_CONVERSION = YES;
				CLANG_WARN_NON_LITERAL_NULL_CONVERSION = YES;
				CLANG_WARN_OBJC_IMPLICIT_RETAIN_SELF = YES;
				CLANG_WARN_OBJC_LITERAL_CONVERSION = YES;
				CLANG_WARN_OBJC_ROOT_CLASS = YES_ERROR;
				CLANG_WARN_QUOTED_INCLUDE_IN_FRAMEWORK_HEADER = YES;
				CLANG_WARN_RANGE_LOOP_ANALYSIS = YES;
				CLANG_WARN_STRICT_PROTOTYPES = YES;
				CLANG_WARN_SUSPICIOUS_MOVE = YES;
				CLANG_WARN_UNGUARDED_AVAILABILITY = YES_AGGRESSIVE;
				CLANG_WARN_UNREACHABLE_CODE = YES;
				CLANG_WARN__DUPLICATE_METHOD_MATCH = YES;
				COPY_PHASE_STRIP = NO;
				DEBUG_INFORMATION_FORMAT = "dwarf-with-dsym";
				ENABLE_STRICT_OBJC_MSGSEND = YES;
				ENABLE_TESTABILITY = YES;
				GCC_C_LANGUAGE_STANDARD = gnu11;
				GCC_DYNAMIC_NO_PIC = NO;
				GCC_NO_COMMON_BLOCKS = YES;
				GCC_OPTIMIZATION_LEVEL = 0;
				GCC_PREPROCESSOR_DEFINITIONS = (
					"DEBUG=1",
					"$(inherited)",
				);
				GCC_WARN_64_TO_32_BIT_CONVERSION = YES;
				GCC_WARN_ABOUT_RETURN_TYPE = YES_ERROR;
				GCC_WARN_UNDECLARED_SELECTOR = YES;
				GCC_WARN_UNINITIALIZED_AUTOS = YES_AGGRESSIVE;
				GCC_WARN_UNUSED_FUNCTION = YES;
				GCC_WARN_UNUSED_VARIABLE = YES;
				IPHONEOS_DEPLOYMENT_TARGET = 14.1;
				MTL_ENABLE_DEBUG_INFO = INCLUDE_SOURCE;
				MTL_FAST_MATH = YES;
				ONLY_ACTIVE_ARCH = YES;
				SDKROOT = iphoneos;
				SWIFT_ACTIVE_COMPILATION_CONDITIONS = DEBUG;
				SWIFT_OPTIMIZATION_LEVEL = "-Onone";
			};
			name = Debug;
		};
		7555FFA4242A565B00829871 /* Release */ = {
			isa = XCBuildConfiguration;
			buildSettings = {
				ALWAYS_SEARCH_USER_PATHS = NO;
				CLANG_ANALYZER_NONNULL = YES;
				CLANG_ANALYZER_NUMBER_OBJECT_CONVERSION = YES_AGGRESSIVE;
				CLANG_CXX_LANGUAGE_STANDARD = "gnu++14";
				CLANG_CXX_LIBRARY = "libc++";
				CLANG_ENABLE_MODULES = YES;
				CLANG_ENABLE_OBJC_ARC = YES;
				CLANG_ENABLE_OBJC_WEAK = YES;
				CLANG_WARN_BLOCK_CAPTURE_AUTORELEASING = YES;
				CLANG_WARN_BOOL_CONVERSION = YES;
				CLANG_WARN_COMMA = YES;
				CLANG_WARN_CONSTANT_CONVERSION = YES;
				CLANG_WARN_DEPRECATED_OBJC_IMPLEMENTATIONS = YES;
				CLANG_WARN_DIRECT_OBJC_ISA_USAGE = YES_ERROR;
				CLANG_WARN_DOCUMENTATION_COMMENTS = YES;
				CLANG_WARN_EMPTY_BODY = YES;
				CLANG_WARN_ENUM_CONVERSION = YES;
				CLANG_WARN_INFINITE_RECURSION = YES;
				CLANG_WARN_INT_CONVERSION = YES;
				CLANG_WARN_NON_LITERAL_NULL_CONVERSION = YES;
				CLANG_WARN_OBJC_IMPLICIT_RETAIN_SELF = YES;
				CLANG_WARN_OBJC_LITERAL_CONVERSION = YES;
				CLANG_WARN_OBJC_ROOT_CLASS = YES_ERROR;
				CLANG_WARN_QUOTED_INCLUDE_IN_FRAMEWORK_HEADER = YES;
				CLANG_WARN_RANGE_LOOP_ANALYSIS = YES;
				CLANG_WARN_STRICT_PROTOTYPES = YES;
				CLANG_WARN_SUSPICIOUS_MOVE = YES;
				CLANG_WARN_UNGUARDED_AVAILABILITY = YES_AGGRESSIVE;
				CLANG_WARN_UNREACHABLE_CODE = YES;
				CLANG_WARN__DUPLICATE_METHOD_MATCH = YES;
				COPY_PHASE_STRIP = NO;
				DEBUG_INFORMATION_FORMAT = "dwarf-with-dsym";
				ENABLE_NS_ASSERTIONS = NO;
				ENABLE_STRICT_OBJC_MSGSEND = YES;
				GCC_C_LANGUAGE_STANDARD = gnu11;
				GCC_NO_COMMON_BLOCKS = YES;
				GCC_WARN_64_TO_32_BIT_CONVERSION = YES;
				GCC_WARN_ABOUT_RETURN_TYPE = YES_ERROR;
				GCC_WARN_UNDECLARED_SELECTOR = YES;
				GCC_WARN_UNINITIALIZED_AUTOS = YES_AGGRESSIVE;
				GCC_WARN_UNUSED_FUNCTION = YES;
				GCC_WARN_UNUSED_VARIABLE = YES;
				IPHONEOS_DEPLOYMENT_TARGET = 14.1;
				MTL_ENABLE_DEBUG_INFO = NO;
				MTL_FAST_MATH = YES;
				SDKROOT = iphoneos;
				SWIFT_COMPILATION_MODE = wholemodule;
				SWIFT_OPTIMIZATION_LEVEL = "-O";
				VALIDATE_PRODUCT = YES;
			};
			name = Release;
		};
		7555FFA6242A565B00829871 /* Debug */ = {
			isa = XCBuildConfiguration;
			buildSettings = {
				ASSETCATALOG_COMPILER_APPICON_NAME = AppIcon;
				CODE_SIGN_STYLE = Automatic;
				DEVELOPMENT_ASSET_PATHS = "\"iosApp/Preview Content\"";
				ENABLE_PREVIEWS = YES;
				FRAMEWORK_SEARCH_PATHS = "$(SRCROOT)/../assessmentModel/build/xcode-frameworks";
				INFOPLIST_FILE = iosApp/Info.plist;
				LD_RUNPATH_SEARCH_PATHS = (
					"$(inherited)",
					"@executable_path/Frameworks",
				);
				PRODUCT_BUNDLE_IDENTIFIER = "org.sagebase.AssessmentModel-SampleApp";
				PRODUCT_NAME = "$(TARGET_NAME)";
				SWIFT_ACTIVE_COMPILATION_CONDITIONS = "DEBUG PREVIEW";
				SWIFT_VERSION = 5.0;
				TARGETED_DEVICE_FAMILY = "1,2";
			};
			name = Debug;
		};
		7555FFA7242A565B00829871 /* Release */ = {
			isa = XCBuildConfiguration;
			buildSettings = {
				ASSETCATALOG_COMPILER_APPICON_NAME = AppIcon;
				CODE_SIGN_STYLE = Automatic;
				DEVELOPMENT_ASSET_PATHS = "\"iosApp/Preview Content\"";
				ENABLE_PREVIEWS = YES;
				FRAMEWORK_SEARCH_PATHS = "$(SRCROOT)/../assessmentModel/build/xcode-frameworks";
				INFOPLIST_FILE = iosApp/Info.plist;
				LD_RUNPATH_SEARCH_PATHS = (
					"$(inherited)",
					"@executable_path/Frameworks",
				);
				PRODUCT_BUNDLE_IDENTIFIER = "org.sagebase.AssessmentModel-SampleApp";
				PRODUCT_NAME = "$(TARGET_NAME)";
				SWIFT_VERSION = 5.0;
				TARGETED_DEVICE_FAMILY = "1,2";
			};
			name = Release;
		};
		7555FFA9242A565B00829871 /* Debug */ = {
			isa = XCBuildConfiguration;
			buildSettings = {
				ALWAYS_EMBED_SWIFT_STANDARD_LIBRARIES = YES;
				BUNDLE_LOADER = "$(TEST_HOST)";
				CODE_SIGN_STYLE = Automatic;
				INFOPLIST_FILE = iosAppTests/Info.plist;
				IPHONEOS_DEPLOYMENT_TARGET = 13.2;
				LD_RUNPATH_SEARCH_PATHS = (
					"$(inherited)",
					"@executable_path/Frameworks",
					"@loader_path/Frameworks",
				);
				PRODUCT_BUNDLE_IDENTIFIER = orgIdentifier.iosAppTests;
				PRODUCT_NAME = "$(TARGET_NAME)";
				SWIFT_VERSION = 5.0;
				TARGETED_DEVICE_FAMILY = "1,2";
				TEST_HOST = "$(BUILT_PRODUCTS_DIR)/iosApp.app/iosApp";
			};
			name = Debug;
		};
		7555FFAA242A565B00829871 /* Release */ = {
			isa = XCBuildConfiguration;
			buildSettings = {
				ALWAYS_EMBED_SWIFT_STANDARD_LIBRARIES = YES;
				BUNDLE_LOADER = "$(TEST_HOST)";
				CODE_SIGN_STYLE = Automatic;
				INFOPLIST_FILE = iosAppTests/Info.plist;
				IPHONEOS_DEPLOYMENT_TARGET = 13.2;
				LD_RUNPATH_SEARCH_PATHS = (
					"$(inherited)",
					"@executable_path/Frameworks",
					"@loader_path/Frameworks",
				);
				PRODUCT_BUNDLE_IDENTIFIER = orgIdentifier.iosAppTests;
				PRODUCT_NAME = "$(TARGET_NAME)";
				SWIFT_VERSION = 5.0;
				TARGETED_DEVICE_FAMILY = "1,2";
				TEST_HOST = "$(BUILT_PRODUCTS_DIR)/iosApp.app/iosApp";
			};
			name = Release;
		};
		7555FFAC242A565B00829871 /* Debug */ = {
			isa = XCBuildConfiguration;
			buildSettings = {
				ALWAYS_EMBED_SWIFT_STANDARD_LIBRARIES = YES;
				CODE_SIGN_STYLE = Automatic;
				INFOPLIST_FILE = iosAppUITests/Info.plist;
				LD_RUNPATH_SEARCH_PATHS = (
					"$(inherited)",
					"@executable_path/Frameworks",
					"@loader_path/Frameworks",
				);
				PRODUCT_BUNDLE_IDENTIFIER = orgIdentifier.iosAppUITests;
				PRODUCT_NAME = "$(TARGET_NAME)";
				SWIFT_VERSION = 5.0;
				TARGETED_DEVICE_FAMILY = "1,2";
				TEST_TARGET_NAME = iosApp;
			};
			name = Debug;
		};
		7555FFAD242A565B00829871 /* Release */ = {
			isa = XCBuildConfiguration;
			buildSettings = {
				ALWAYS_EMBED_SWIFT_STANDARD_LIBRARIES = YES;
				CODE_SIGN_STYLE = Automatic;
				INFOPLIST_FILE = iosAppUITests/Info.plist;
				LD_RUNPATH_SEARCH_PATHS = (
					"$(inherited)",
					"@executable_path/Frameworks",
					"@loader_path/Frameworks",
				);
				PRODUCT_BUNDLE_IDENTIFIER = orgIdentifier.iosAppUITests;
				PRODUCT_NAME = "$(TARGET_NAME)";
				SWIFT_VERSION = 5.0;
				TARGETED_DEVICE_FAMILY = "1,2";
				TEST_TARGET_NAME = iosApp;
			};
			name = Release;
		};
/* End XCBuildConfiguration section */

/* Begin XCConfigurationList section */
		7555FF76242A565900829871 /* Build configuration list for PBXProject "iosApp" */ = {
			isa = XCConfigurationList;
			buildConfigurations = (
				7555FFA3242A565B00829871 /* Debug */,
				7555FFA4242A565B00829871 /* Release */,
			);
			defaultConfigurationIsVisible = 0;
			defaultConfigurationName = Release;
		};
		7555FFA5242A565B00829871 /* Build configuration list for PBXNativeTarget "iosApp" */ = {
			isa = XCConfigurationList;
			buildConfigurations = (
				7555FFA6242A565B00829871 /* Debug */,
				7555FFA7242A565B00829871 /* Release */,
			);
			defaultConfigurationIsVisible = 0;
			defaultConfigurationName = Release;
		};
		7555FFA8242A565B00829871 /* Build configuration list for PBXNativeTarget "iosAppTests" */ = {
			isa = XCConfigurationList;
			buildConfigurations = (
				7555FFA9242A565B00829871 /* Debug */,
				7555FFAA242A565B00829871 /* Release */,
			);
			defaultConfigurationIsVisible = 0;
			defaultConfigurationName = Release;
		};
		7555FFAB242A565B00829871 /* Build configuration list for PBXNativeTarget "iosAppUITests" */ = {
			isa = XCConfigurationList;
			buildConfigurations = (
				7555FFAC242A565B00829871 /* Debug */,
				7555FFAD242A565B00829871 /* Release */,
			);
			defaultConfigurationIsVisible = 0;
			defaultConfigurationName = Release;
		};
/* End XCConfigurationList section */

/* Begin XCRemoteSwiftPackageReference section */
		FF6F6DE4265DAD17007C6B92 /* XCRemoteSwiftPackageReference "MobilePassiveData-SDK" */ = {
			isa = XCRemoteSwiftPackageReference;
			repositoryURL = "https://github.com/Sage-Bionetworks/MobilePassiveData-SDK.git";
			requirement = {
				kind = upToNextMajorVersion;
				minimumVersion = 1.1.1;
			};
		};
/* End XCRemoteSwiftPackageReference section */

/* Begin XCSwiftPackageProductDependency section */
		FF6F6DE5265DAD17007C6B92 /* MobilePassiveData */ = {
			isa = XCSwiftPackageProductDependency;
			package = FF6F6DE4265DAD17007C6B92 /* XCRemoteSwiftPackageReference "MobilePassiveData-SDK" */;
			productName = MobilePassiveData;
		};
		FF6F6DE7265DAD17007C6B92 /* MotionSensor */ = {
			isa = XCSwiftPackageProductDependency;
			package = FF6F6DE4265DAD17007C6B92 /* XCRemoteSwiftPackageReference "MobilePassiveData-SDK" */;
			productName = MotionSensor;
		};
		FF6F6DE9265DAD17007C6B92 /* WeatherRecorder */ = {
			isa = XCSwiftPackageProductDependency;
			package = FF6F6DE4265DAD17007C6B92 /* XCRemoteSwiftPackageReference "MobilePassiveData-SDK" */;
			productName = WeatherRecorder;
		};
		FF6F6DEB265DAD17007C6B92 /* AudioRecorder */ = {
			isa = XCSwiftPackageProductDependency;
			package = FF6F6DE4265DAD17007C6B92 /* XCRemoteSwiftPackageReference "MobilePassiveData-SDK" */;
			productName = AudioRecorder;
		};
/* End XCSwiftPackageProductDependency section */
	};
	rootObject = 7555FF73242A565900829871 /* Project object */;
}
