{
  "object": {
    "pins": [
      {
        "package": "JsonModel",
        "repositoryURL": "https://github.com/Sage-Bionetworks/JsonModel-Swift.git",
        "state": {
          "branch": null,
          "revision": "b828a14b255c849199032b6d7eaec0e6be025115",
          "version": "1.4.6"
        }
      }
    ]
  },
  "version": 1
}
