{
  "object": {
    "pins": [
      {
        "package": "JsonModel",
        "repositoryURL": "https://github.com/Sage-Bionetworks/JsonModel-Swift.git",
        "state": {
          "branch": null,
          "revision": "b7c8a6cdd55e119406893bd3f477e814229f2ae6",
          "version": "1.4.3"
        }
      }
    ]
  },
  "version": 1
}
