{
  "object": {
    "pins": [
      {
        "package": "JsonModel",
        "repositoryURL": "https://github.com/Sage-Bionetworks/JsonModel-Swift.git",
        "state": {
          "branch": null,
          "revision": "ddde0196c6e85b9adcfc3c5436b31b26f033f386",
          "version": "1.4.7"
        }
      },
      {
        "package": "SharedMobileUI",
        "repositoryURL": "https://github.com/Sage-Bionetworks/SharedMobileUI-AppleOS.git",
        "state": {
          "branch": null,
          "revision": "c16c754cff58d9eb3ec786aa163350538fc74c3d",
          "version": "0.15.2"
        }
      }
    ]
  },
  "version": 1
}
