// !$*UTF8*$!
{
	archiveVersion = 1;
	classes = {
	};
	objectVersion = 56;
	objects = {

/* Begin PBXBuildFile section */
		FF15605D29E4C13A00EB7934 /* iosViewBuilderUITests.swift in Sources */ = {isa = PBXBuildFile; fileRef = FF15605C29E4C13A00EB7934 /* iosViewBuilderUITests.swift */; };
		FFFACB9829832233001596B1 /* iosViewBuilderApp.swift in Sources */ = {isa = PBXBuildFile; fileRef = FFFACB9729832233001596B1 /* iosViewBuilderApp.swift */; };
		FFFACB9A29832233001596B1 /* ContentView.swift in Sources */ = {isa = PBXBuildFile; fileRef = FFFACB9929832233001596B1 /* ContentView.swift */; };
		FFFACB9C29832234001596B1 /* Assets.xcassets in Resources */ = {isa = PBXBuildFile; fileRef = FFFACB9B29832234001596B1 /* Assets.xcassets */; };
		FFFACB9F29832234001596B1 /* Preview Assets.xcassets in Resources */ = {isa = PBXBuildFile; fileRef = FFFACB9E29832234001596B1 /* Preview Assets.xcassets */; };
		FFFACBDA2983227A001596B1 /* DurationQuestionViewModel.swift in Sources */ = {isa = PBXBuildFile; fileRef = FFFACBA82983227A001596B1 /* DurationQuestionViewModel.swift */; };
		FFFACBDB2983227A001596B1 /* TimeQuestionViewModel.swift in Sources */ = {isa = PBXBuildFile; fileRef = FFFACBA92983227A001596B1 /* TimeQuestionViewModel.swift */; };
		FFFACBDC2983227A001596B1 /* NodeState.swift in Sources */ = {isa = PBXBuildFile; fileRef = FFFACBAA2983227A001596B1 /* NodeState.swift */; };
		FFFACBDD2983227A001596B1 /* TextEntryViewModel.swift in Sources */ = {isa = PBXBuildFile; fileRef = FFFACBAB2983227A001596B1 /* TextEntryViewModel.swift */; };
		FFFACBDE2983227A001596B1 /* TextEntryQuestionViewModel.swift in Sources */ = {isa = PBXBuildFile; fileRef = FFFACBAC2983227A001596B1 /* TextEntryQuestionViewModel.swift */; };
		FFFACBDF2983227A001596B1 /* AssessmentViewModel.swift in Sources */ = {isa = PBXBuildFile; fileRef = FFFACBAD2983227A001596B1 /* AssessmentViewModel.swift */; };
		FFFACBE02983227A001596B1 /* ChoiceQuestionViewModel.swift in Sources */ = {isa = PBXBuildFile; fileRef = FFFACBAE2983227A001596B1 /* ChoiceQuestionViewModel.swift */; };
		FFFACBE12983227A001596B1 /* IntegerQuestionViewModel.swift in Sources */ = {isa = PBXBuildFile; fileRef = FFFACBAF2983227A001596B1 /* IntegerQuestionViewModel.swift */; };
		FFFACBE22983227A001596B1 /* Colors.xcassets in Resources */ = {isa = PBXBuildFile; fileRef = FFFACBB12983227A001596B1 /* Colors.xcassets */; };
		FFFACBE32983227A001596B1 /* Localizable.strings in Resources */ = {isa = PBXBuildFile; fileRef = FFFACBB22983227A001596B1 /* Localizable.strings */; };
		FFFACBE42983227A001596B1 /* Images.xcassets in Resources */ = {isa = PBXBuildFile; fileRef = FFFACBB42983227A001596B1 /* Images.xcassets */; };
		FFFACBE52983227A001596B1 /* KeyboardObserver.swift in Sources */ = {isa = PBXBuildFile; fileRef = FFFACBB62983227A001596B1 /* KeyboardObserver.swift */; };
		FFFACBE62983227A001596B1 /* KeyboardOptions+SwiftUI.swift in Sources */ = {isa = PBXBuildFile; fileRef = FFFACBB72983227A001596B1 /* KeyboardOptions+SwiftUI.swift */; };
		FFFACBE72983227A001596B1 /* CompositedImage.swift in Sources */ = {isa = PBXBuildFile; fileRef = FFFACBBA2983227A001596B1 /* CompositedImage.swift */; };
		FFFACBE82983227A001596B1 /* MultilineTextField.swift in Sources */ = {isa = PBXBuildFile; fileRef = FFFACBBB2983227A001596B1 /* MultilineTextField.swift */; };
		FFFACBE92983227A001596B1 /* SurveyNavigationView.swift in Sources */ = {isa = PBXBuildFile; fileRef = FFFACBBC2983227A001596B1 /* SurveyNavigationView.swift */; };
		FFFACBEA2983227A001596B1 /* ExitButton.swift in Sources */ = {isa = PBXBuildFile; fileRef = FFFACBBD2983227A001596B1 /* ExitButton.swift */; };
		FFFACBEB2983227A001596B1 /* PauseMenu.swift in Sources */ = {isa = PBXBuildFile; fileRef = FFFACBBE2983227A001596B1 /* PauseMenu.swift */; };
		FFFACBEC2983227A001596B1 /* NumericTextField.swift in Sources */ = {isa = PBXBuildFile; fileRef = FFFACBBF2983227A001596B1 /* NumericTextField.swift */; };
		FFFACBED2983227A001596B1 /* ContentNodeView.swift in Sources */ = {isa = PBXBuildFile; fileRef = FFFACBC02983227A001596B1 /* ContentNodeView.swift */; };
		FFFACBEE2983227A001596B1 /* TopBarProgressView.swift in Sources */ = {isa = PBXBuildFile; fileRef = FFFACBC12983227A001596B1 /* TopBarProgressView.swift */; };
		FFFACBEF2983227A001596B1 /* ForwardButton.swift in Sources */ = {isa = PBXBuildFile; fileRef = FFFACBC22983227A001596B1 /* ForwardButton.swift */; };
		FFFACBF02983227A001596B1 /* AnimationView.swift in Sources */ = {isa = PBXBuildFile; fileRef = FFFACBC32983227A001596B1 /* AnimationView.swift */; };
		FFFACBF12983227A001596B1 /* ContentImage.swift in Sources */ = {isa = PBXBuildFile; fileRef = FFFACBC42983227A001596B1 /* ContentImage.swift */; };
		FFFACBF22983227A001596B1 /* ViewHeightReader.swift in Sources */ = {isa = PBXBuildFile; fileRef = FFFACBC52983227A001596B1 /* ViewHeightReader.swift */; };
		FFFACBF32983227A001596B1 /* TapLocationGesture.swift in Sources */ = {isa = PBXBuildFile; fileRef = FFFACBC62983227A001596B1 /* TapLocationGesture.swift */; };
		FFFACBF42983227A001596B1 /* QuestionStepScrollView.swift in Sources */ = {isa = PBXBuildFile; fileRef = FFFACBC72983227A001596B1 /* QuestionStepScrollView.swift */; };
		FFFACBF52983227A001596B1 /* StepHeaderView.swift in Sources */ = {isa = PBXBuildFile; fileRef = FFFACBC82983227A001596B1 /* StepHeaderView.swift */; };
		FFFACBF62983227A001596B1 /* DurationQuestionStepView.swift in Sources */ = {isa = PBXBuildFile; fileRef = FFFACBCB2983227A001596B1 /* DurationQuestionStepView.swift */; };
		FFFACBF72983227A001596B1 /* LikertScaleView.swift in Sources */ = {isa = PBXBuildFile; fileRef = FFFACBCC2983227A001596B1 /* LikertScaleView.swift */; };
		FFFACBF82983227A001596B1 /* IntegerQuestionStepView.swift in Sources */ = {isa = PBXBuildFile; fileRef = FFFACBCD2983227A001596B1 /* IntegerQuestionStepView.swift */; };
		FFFACBF92983227A001596B1 /* SlidingScaleView.swift in Sources */ = {isa = PBXBuildFile; fileRef = FFFACBCE2983227A001596B1 /* SlidingScaleView.swift */; };
		FFFACBFA2983227A001596B1 /* TimeQuestionStepView.swift in Sources */ = {isa = PBXBuildFile; fileRef = FFFACBCF2983227A001596B1 /* TimeQuestionStepView.swift */; };
		FFFACBFB2983227A001596B1 /* ChoiceQuestionStepView.swift in Sources */ = {isa = PBXBuildFile; fileRef = FFFACBD02983227A001596B1 /* ChoiceQuestionStepView.swift */; };
		FFFACBFC2983227A001596B1 /* TextEntryQuestionStepView.swift in Sources */ = {isa = PBXBuildFile; fileRef = FFFACBD12983227A001596B1 /* TextEntryQuestionStepView.swift */; };
		FFFACBFD2983227A001596B1 /* TitlePageView.swift in Sources */ = {isa = PBXBuildFile; fileRef = FFFACBD32983227A001596B1 /* TitlePageView.swift */; };
		FFFACBFE2983227A001596B1 /* InstructionStepView.swift in Sources */ = {isa = PBXBuildFile; fileRef = FFFACBD42983227A001596B1 /* InstructionStepView.swift */; };
		FFFACBFF2983227A001596B1 /* CompletionStepView.swift in Sources */ = {isa = PBXBuildFile; fileRef = FFFACBD52983227A001596B1 /* CompletionStepView.swift */; };
		FFFACC002983227A001596B1 /* CountdownStepView.swift in Sources */ = {isa = PBXBuildFile; fileRef = FFFACBD72983227A001596B1 /* CountdownStepView.swift */; };
		FFFACC012983227A001596B1 /* AssessmentView.swift in Sources */ = {isa = PBXBuildFile; fileRef = FFFACBD82983227A001596B1 /* AssessmentView.swift */; };
		FFFACC022983227A001596B1 /* GlobalProperties.swift in Sources */ = {isa = PBXBuildFile; fileRef = FFFACBD92983227A001596B1 /* GlobalProperties.swift */; };
		FFFACC06298322B1001596B1 /* AssessmentModel in Frameworks */ = {isa = PBXBuildFile; productRef = FFFACC05298322B1001596B1 /* AssessmentModel */; };
		FFFACC0929832611001596B1 /* SharedMobileUI in Frameworks */ = {isa = PBXBuildFile; productRef = FFFACC0829832611001596B1 /* SharedMobileUI */; };
/* End PBXBuildFile section */

/* Begin PBXContainerItemProxy section */
		FF15606029E4C13A00EB7934 /* PBXContainerItemProxy */ = {
			isa = PBXContainerItemProxy;
			containerPortal = FFFACB8C29832233001596B1 /* Project object */;
			proxyType = 1;
			remoteGlobalIDString = FFFACB9329832233001596B1;
			remoteInfo = iosViewBuilder;
		};
/* End PBXContainerItemProxy section */

/* Begin PBXFileReference section */
		FF15605A29E4C13A00EB7934 /* iosViewBuilderUITests.xctest */ = {isa = PBXFileReference; explicitFileType = wrapper.cfbundle; includeInIndex = 0; path = iosViewBuilderUITests.xctest; sourceTree = BUILT_PRODUCTS_DIR; };
		FF15605C29E4C13A00EB7934 /* iosViewBuilderUITests.swift */ = {isa = PBXFileReference; lastKnownFileType = sourcecode.swift; path = iosViewBuilderUITests.swift; sourceTree = "<group>"; };
		FFFACB9429832233001596B1 /* iosViewBuilder.app */ = {isa = PBXFileReference; explicitFileType = wrapper.application; includeInIndex = 0; path = iosViewBuilder.app; sourceTree = BUILT_PRODUCTS_DIR; };
		FFFACB9729832233001596B1 /* iosViewBuilderApp.swift */ = {isa = PBXFileReference; lastKnownFileType = sourcecode.swift; path = iosViewBuilderApp.swift; sourceTree = "<group>"; };
		FFFACB9929832233001596B1 /* ContentView.swift */ = {isa = PBXFileReference; lastKnownFileType = sourcecode.swift; path = ContentView.swift; sourceTree = "<group>"; };
		FFFACB9B29832234001596B1 /* Assets.xcassets */ = {isa = PBXFileReference; lastKnownFileType = folder.assetcatalog; path = Assets.xcassets; sourceTree = "<group>"; };
		FFFACB9E29832234001596B1 /* Preview Assets.xcassets */ = {isa = PBXFileReference; lastKnownFileType = folder.assetcatalog; path = "Preview Assets.xcassets"; sourceTree = "<group>"; };
		FFFACBA82983227A001596B1 /* DurationQuestionViewModel.swift */ = {isa = PBXFileReference; fileEncoding = 4; lastKnownFileType = sourcecode.swift; path = DurationQuestionViewModel.swift; sourceTree = "<group>"; };
		FFFACBA92983227A001596B1 /* TimeQuestionViewModel.swift */ = {isa = PBXFileReference; fileEncoding = 4; lastKnownFileType = sourcecode.swift; path = TimeQuestionViewModel.swift; sourceTree = "<group>"; };
		FFFACBAA2983227A001596B1 /* NodeState.swift */ = {isa = PBXFileReference; fileEncoding = 4; lastKnownFileType = sourcecode.swift; path = NodeState.swift; sourceTree = "<group>"; };
		FFFACBAB2983227A001596B1 /* TextEntryViewModel.swift */ = {isa = PBXFileReference; fileEncoding = 4; lastKnownFileType = sourcecode.swift; path = TextEntryViewModel.swift; sourceTree = "<group>"; };
		FFFACBAC2983227A001596B1 /* TextEntryQuestionViewModel.swift */ = {isa = PBXFileReference; fileEncoding = 4; lastKnownFileType = sourcecode.swift; path = TextEntryQuestionViewModel.swift; sourceTree = "<group>"; };
		FFFACBAD2983227A001596B1 /* AssessmentViewModel.swift */ = {isa = PBXFileReference; fileEncoding = 4; lastKnownFileType = sourcecode.swift; path = AssessmentViewModel.swift; sourceTree = "<group>"; };
		FFFACBAE2983227A001596B1 /* ChoiceQuestionViewModel.swift */ = {isa = PBXFileReference; fileEncoding = 4; lastKnownFileType = sourcecode.swift; path = ChoiceQuestionViewModel.swift; sourceTree = "<group>"; };
		FFFACBAF2983227A001596B1 /* IntegerQuestionViewModel.swift */ = {isa = PBXFileReference; fileEncoding = 4; lastKnownFileType = sourcecode.swift; path = IntegerQuestionViewModel.swift; sourceTree = "<group>"; };
		FFFACBB12983227A001596B1 /* Colors.xcassets */ = {isa = PBXFileReference; lastKnownFileType = folder.assetcatalog; path = Colors.xcassets; sourceTree = "<group>"; };
		FFFACBB32983227A001596B1 /* en */ = {isa = PBXFileReference; lastKnownFileType = text.plist.strings; name = en; path = en.lproj/Localizable.strings; sourceTree = "<group>"; };
		FFFACBB42983227A001596B1 /* Images.xcassets */ = {isa = PBXFileReference; lastKnownFileType = folder.assetcatalog; path = Images.xcassets; sourceTree = "<group>"; };
		FFFACBB62983227A001596B1 /* KeyboardObserver.swift */ = {isa = PBXFileReference; fileEncoding = 4; lastKnownFileType = sourcecode.swift; path = KeyboardObserver.swift; sourceTree = "<group>"; };
		FFFACBB72983227A001596B1 /* KeyboardOptions+SwiftUI.swift */ = {isa = PBXFileReference; fileEncoding = 4; lastKnownFileType = sourcecode.swift; path = "KeyboardOptions+SwiftUI.swift"; sourceTree = "<group>"; };
		FFFACBBA2983227A001596B1 /* CompositedImage.swift */ = {isa = PBXFileReference; fileEncoding = 4; lastKnownFileType = sourcecode.swift; path = CompositedImage.swift; sourceTree = "<group>"; };
		FFFACBBB2983227A001596B1 /* MultilineTextField.swift */ = {isa = PBXFileReference; fileEncoding = 4; lastKnownFileType = sourcecode.swift; path = MultilineTextField.swift; sourceTree = "<group>"; };
		FFFACBBC2983227A001596B1 /* SurveyNavigationView.swift */ = {isa = PBXFileReference; fileEncoding = 4; lastKnownFileType = sourcecode.swift; path = SurveyNavigationView.swift; sourceTree = "<group>"; };
		FFFACBBD2983227A001596B1 /* ExitButton.swift */ = {isa = PBXFileReference; fileEncoding = 4; lastKnownFileType = sourcecode.swift; path = ExitButton.swift; sourceTree = "<group>"; };
		FFFACBBE2983227A001596B1 /* PauseMenu.swift */ = {isa = PBXFileReference; fileEncoding = 4; lastKnownFileType = sourcecode.swift; path = PauseMenu.swift; sourceTree = "<group>"; };
		FFFACBBF2983227A001596B1 /* NumericTextField.swift */ = {isa = PBXFileReference; fileEncoding = 4; lastKnownFileType = sourcecode.swift; path = NumericTextField.swift; sourceTree = "<group>"; };
		FFFACBC02983227A001596B1 /* ContentNodeView.swift */ = {isa = PBXFileReference; fileEncoding = 4; lastKnownFileType = sourcecode.swift; path = ContentNodeView.swift; sourceTree = "<group>"; };
		FFFACBC12983227A001596B1 /* TopBarProgressView.swift */ = {isa = PBXFileReference; fileEncoding = 4; lastKnownFileType = sourcecode.swift; path = TopBarProgressView.swift; sourceTree = "<group>"; };
		FFFACBC22983227A001596B1 /* ForwardButton.swift */ = {isa = PBXFileReference; fileEncoding = 4; lastKnownFileType = sourcecode.swift; path = ForwardButton.swift; sourceTree = "<group>"; };
		FFFACBC32983227A001596B1 /* AnimationView.swift */ = {isa = PBXFileReference; fileEncoding = 4; lastKnownFileType = sourcecode.swift; path = AnimationView.swift; sourceTree = "<group>"; };
		FFFACBC42983227A001596B1 /* ContentImage.swift */ = {isa = PBXFileReference; fileEncoding = 4; lastKnownFileType = sourcecode.swift; path = ContentImage.swift; sourceTree = "<group>"; };
		FFFACBC52983227A001596B1 /* ViewHeightReader.swift */ = {isa = PBXFileReference; fileEncoding = 4; lastKnownFileType = sourcecode.swift; path = ViewHeightReader.swift; sourceTree = "<group>"; };
		FFFACBC62983227A001596B1 /* TapLocationGesture.swift */ = {isa = PBXFileReference; fileEncoding = 4; lastKnownFileType = sourcecode.swift; path = TapLocationGesture.swift; sourceTree = "<group>"; };
		FFFACBC72983227A001596B1 /* QuestionStepScrollView.swift */ = {isa = PBXFileReference; fileEncoding = 4; lastKnownFileType = sourcecode.swift; path = QuestionStepScrollView.swift; sourceTree = "<group>"; };
		FFFACBC82983227A001596B1 /* StepHeaderView.swift */ = {isa = PBXFileReference; fileEncoding = 4; lastKnownFileType = sourcecode.swift; path = StepHeaderView.swift; sourceTree = "<group>"; };
		FFFACBCB2983227A001596B1 /* DurationQuestionStepView.swift */ = {isa = PBXFileReference; fileEncoding = 4; lastKnownFileType = sourcecode.swift; path = DurationQuestionStepView.swift; sourceTree = "<group>"; };
		FFFACBCC2983227A001596B1 /* LikertScaleView.swift */ = {isa = PBXFileReference; fileEncoding = 4; lastKnownFileType = sourcecode.swift; path = LikertScaleView.swift; sourceTree = "<group>"; };
		FFFACBCD2983227A001596B1 /* IntegerQuestionStepView.swift */ = {isa = PBXFileReference; fileEncoding = 4; lastKnownFileType = sourcecode.swift; path = IntegerQuestionStepView.swift; sourceTree = "<group>"; };
		FFFACBCE2983227A001596B1 /* SlidingScaleView.swift */ = {isa = PBXFileReference; fileEncoding = 4; lastKnownFileType = sourcecode.swift; path = SlidingScaleView.swift; sourceTree = "<group>"; };
		FFFACBCF2983227A001596B1 /* TimeQuestionStepView.swift */ = {isa = PBXFileReference; fileEncoding = 4; lastKnownFileType = sourcecode.swift; path = TimeQuestionStepView.swift; sourceTree = "<group>"; };
		FFFACBD02983227A001596B1 /* ChoiceQuestionStepView.swift */ = {isa = PBXFileReference; fileEncoding = 4; lastKnownFileType = sourcecode.swift; path = ChoiceQuestionStepView.swift; sourceTree = "<group>"; };
		FFFACBD12983227A001596B1 /* TextEntryQuestionStepView.swift */ = {isa = PBXFileReference; fileEncoding = 4; lastKnownFileType = sourcecode.swift; path = TextEntryQuestionStepView.swift; sourceTree = "<group>"; };
		FFFACBD32983227A001596B1 /* TitlePageView.swift */ = {isa = PBXFileReference; fileEncoding = 4; lastKnownFileType = sourcecode.swift; path = TitlePageView.swift; sourceTree = "<group>"; };
		FFFACBD42983227A001596B1 /* InstructionStepView.swift */ = {isa = PBXFileReference; fileEncoding = 4; lastKnownFileType = sourcecode.swift; path = InstructionStepView.swift; sourceTree = "<group>"; };
		FFFACBD52983227A001596B1 /* CompletionStepView.swift */ = {isa = PBXFileReference; fileEncoding = 4; lastKnownFileType = sourcecode.swift; path = CompletionStepView.swift; sourceTree = "<group>"; };
		FFFACBD72983227A001596B1 /* CountdownStepView.swift */ = {isa = PBXFileReference; fileEncoding = 4; lastKnownFileType = sourcecode.swift; path = CountdownStepView.swift; sourceTree = "<group>"; };
		FFFACBD82983227A001596B1 /* AssessmentView.swift */ = {isa = PBXFileReference; fileEncoding = 4; lastKnownFileType = sourcecode.swift; path = AssessmentView.swift; sourceTree = "<group>"; };
		FFFACBD92983227A001596B1 /* GlobalProperties.swift */ = {isa = PBXFileReference; fileEncoding = 4; lastKnownFileType = sourcecode.swift; path = GlobalProperties.swift; sourceTree = "<group>"; };
		FFFACC032983229F001596B1 /* AssessmentModelKMM */ = {isa = PBXFileReference; lastKnownFileType = wrapper; name = AssessmentModelKMM; path = ..; sourceTree = "<group>"; };
/* End PBXFileReference section */

/* Begin PBXFrameworksBuildPhase section */
		FF15605729E4C13A00EB7934 /* Frameworks */ = {
			isa = PBXFrameworksBuildPhase;
			buildActionMask = 2147483647;
			files = (
			);
			runOnlyForDeploymentPostprocessing = 0;
		};
		FFFACB9129832233001596B1 /* Frameworks */ = {
			isa = PBXFrameworksBuildPhase;
			buildActionMask = 2147483647;
			files = (
				FFFACC06298322B1001596B1 /* AssessmentModel in Frameworks */,
				FFFACC0929832611001596B1 /* SharedMobileUI in Frameworks */,
			);
			runOnlyForDeploymentPostprocessing = 0;
		};
/* End PBXFrameworksBuildPhase section */

/* Begin PBXGroup section */
		FF15605B29E4C13A00EB7934 /* iosViewBuilderUITests */ = {
			isa = PBXGroup;
			children = (
				FF15605C29E4C13A00EB7934 /* iosViewBuilderUITests.swift */,
			);
			path = iosViewBuilderUITests;
			sourceTree = "<group>";
		};
		FFFACB8B29832233001596B1 = {
			isa = PBXGroup;
			children = (
				FFFACC032983229F001596B1 /* AssessmentModelKMM */,
				FFFACB9629832233001596B1 /* iosViewBuilder */,
				FF15605B29E4C13A00EB7934 /* iosViewBuilderUITests */,
				FFFACB9529832233001596B1 /* Products */,
				FFFACC04298322B1001596B1 /* Frameworks */,
			);
			sourceTree = "<group>";
		};
		FFFACB9529832233001596B1 /* Products */ = {
			isa = PBXGroup;
			children = (
				FFFACB9429832233001596B1 /* iosViewBuilder.app */,
				FF15605A29E4C13A00EB7934 /* iosViewBuilderUITests.xctest */,
			);
			name = Products;
			sourceTree = "<group>";
		};
		FFFACB9629832233001596B1 /* iosViewBuilder */ = {
			isa = PBXGroup;
			children = (
				FFFACBA62983227A001596B1 /* AssessmentModelUI */,
				FFFACB9729832233001596B1 /* iosViewBuilderApp.swift */,
				FFFACB9929832233001596B1 /* ContentView.swift */,
				FFFACB9B29832234001596B1 /* Assets.xcassets */,
				FFFACB9D29832234001596B1 /* Preview Content */,
			);
			path = iosViewBuilder;
			sourceTree = "<group>";
		};
		FFFACB9D29832234001596B1 /* Preview Content */ = {
			isa = PBXGroup;
			children = (
				FFFACB9E29832234001596B1 /* Preview Assets.xcassets */,
			);
			path = "Preview Content";
			sourceTree = "<group>";
		};
		FFFACBA62983227A001596B1 /* AssessmentModelUI */ = {
			isa = PBXGroup;
			children = (
				FFFACBA72983227A001596B1 /* ViewModels */,
				FFFACBB02983227A001596B1 /* Resources */,
				FFFACBB52983227A001596B1 /* Utils */,
				FFFACBB82983227A001596B1 /* Views */,
			);
			name = AssessmentModelUI;
			path = ../../SwiftPackage/Sources/AssessmentModelUI;
			sourceTree = "<group>";
		};
		FFFACBA72983227A001596B1 /* ViewModels */ = {
			isa = PBXGroup;
			children = (
				FFFACBA82983227A001596B1 /* DurationQuestionViewModel.swift */,
				FFFACBA92983227A001596B1 /* TimeQuestionViewModel.swift */,
				FFFACBAA2983227A001596B1 /* NodeState.swift */,
				FFFACBAB2983227A001596B1 /* TextEntryViewModel.swift */,
				FFFACBAC2983227A001596B1 /* TextEntryQuestionViewModel.swift */,
				FFFACBAD2983227A001596B1 /* AssessmentViewModel.swift */,
				FFFACBAE2983227A001596B1 /* ChoiceQuestionViewModel.swift */,
				FFFACBAF2983227A001596B1 /* IntegerQuestionViewModel.swift */,
			);
			path = ViewModels;
			sourceTree = "<group>";
		};
		FFFACBB02983227A001596B1 /* Resources */ = {
			isa = PBXGroup;
			children = (
				FFFACBB12983227A001596B1 /* Colors.xcassets */,
				FFFACBB22983227A001596B1 /* Localizable.strings */,
				FFFACBB42983227A001596B1 /* Images.xcassets */,
			);
			path = Resources;
			sourceTree = "<group>";
		};
		FFFACBB52983227A001596B1 /* Utils */ = {
			isa = PBXGroup;
			children = (
				FFFACBB62983227A001596B1 /* KeyboardObserver.swift */,
				FFFACBB72983227A001596B1 /* KeyboardOptions+SwiftUI.swift */,
			);
			path = Utils;
			sourceTree = "<group>";
		};
		FFFACBB82983227A001596B1 /* Views */ = {
			isa = PBXGroup;
			children = (
				FFFACBB92983227A001596B1 /* Components */,
				FFFACBC92983227A001596B1 /* Steps */,
				FFFACBD82983227A001596B1 /* AssessmentView.swift */,
				FFFACBD92983227A001596B1 /* GlobalProperties.swift */,
			);
			path = Views;
			sourceTree = "<group>";
		};
		FFFACBB92983227A001596B1 /* Components */ = {
			isa = PBXGroup;
			children = (
				FFFACBBA2983227A001596B1 /* CompositedImage.swift */,
				FFFACBBB2983227A001596B1 /* MultilineTextField.swift */,
				FFFACBBC2983227A001596B1 /* SurveyNavigationView.swift */,
				FFFACBBD2983227A001596B1 /* ExitButton.swift */,
				FFFACBBE2983227A001596B1 /* PauseMenu.swift */,
				FFFACBBF2983227A001596B1 /* NumericTextField.swift */,
				FFFACBC02983227A001596B1 /* ContentNodeView.swift */,
				FFFACBC12983227A001596B1 /* TopBarProgressView.swift */,
				FFFACBC22983227A001596B1 /* ForwardButton.swift */,
				FFFACBC32983227A001596B1 /* AnimationView.swift */,
				FFFACBC42983227A001596B1 /* ContentImage.swift */,
				FFFACBC52983227A001596B1 /* ViewHeightReader.swift */,
				FFFACBC62983227A001596B1 /* TapLocationGesture.swift */,
				FFFACBC72983227A001596B1 /* QuestionStepScrollView.swift */,
				FFFACBC82983227A001596B1 /* StepHeaderView.swift */,
			);
			path = Components;
			sourceTree = "<group>";
		};
		FFFACBC92983227A001596B1 /* Steps */ = {
			isa = PBXGroup;
			children = (
				FFFACBCA2983227A001596B1 /* question */,
				FFFACBD22983227A001596B1 /* instruction */,
				FFFACBD62983227A001596B1 /* active */,
			);
			path = Steps;
			sourceTree = "<group>";
		};
		FFFACBCA2983227A001596B1 /* question */ = {
			isa = PBXGroup;
			children = (
				FFFACBCB2983227A001596B1 /* DurationQuestionStepView.swift */,
				FFFACBCC2983227A001596B1 /* LikertScaleView.swift */,
				FFFACBCD2983227A001596B1 /* IntegerQuestionStepView.swift */,
				FFFACBCE2983227A001596B1 /* SlidingScaleView.swift */,
				FFFACBCF2983227A001596B1 /* TimeQuestionStepView.swift */,
				FFFACBD02983227A001596B1 /* ChoiceQuestionStepView.swift */,
				FFFACBD12983227A001596B1 /* TextEntryQuestionStepView.swift */,
			);
			path = question;
			sourceTree = "<group>";
		};
		FFFACBD22983227A001596B1 /* instruction */ = {
			isa = PBXGroup;
			children = (
				FFFACBD32983227A001596B1 /* TitlePageView.swift */,
				FFFACBD42983227A001596B1 /* InstructionStepView.swift */,
				FFFACBD52983227A001596B1 /* CompletionStepView.swift */,
			);
			path = instruction;
			sourceTree = "<group>";
		};
		FFFACBD62983227A001596B1 /* active */ = {
			isa = PBXGroup;
			children = (
				FFFACBD72983227A001596B1 /* CountdownStepView.swift */,
			);
			path = active;
			sourceTree = "<group>";
		};
		FFFACC04298322B1001596B1 /* Frameworks */ = {
			isa = PBXGroup;
			children = (
			);
			name = Frameworks;
			sourceTree = "<group>";
		};
/* End PBXGroup section */

/* Begin PBXNativeTarget section */
		FF15605929E4C13A00EB7934 /* iosViewBuilderUITests */ = {
			isa = PBXNativeTarget;
			buildConfigurationList = FF15606429E4C13A00EB7934 /* Build configuration list for PBXNativeTarget "iosViewBuilderUITests" */;
			buildPhases = (
				FF15605629E4C13A00EB7934 /* Sources */,
				FF15605729E4C13A00EB7934 /* Frameworks */,
				FF15605829E4C13A00EB7934 /* Resources */,
			);
			buildRules = (
			);
			dependencies = (
				FF15606129E4C13A00EB7934 /* PBXTargetDependency */,
			);
			name = iosViewBuilderUITests;
			productName = iosViewBuilderUITests;
			productReference = FF15605A29E4C13A00EB7934 /* iosViewBuilderUITests.xctest */;
			productType = "com.apple.product-type.bundle.ui-testing";
		};
		FFFACB9329832233001596B1 /* iosViewBuilder */ = {
			isa = PBXNativeTarget;
			buildConfigurationList = FFFACBA229832234001596B1 /* Build configuration list for PBXNativeTarget "iosViewBuilder" */;
			buildPhases = (
				FFFACB9029832233001596B1 /* Sources */,
				FFFACB9129832233001596B1 /* Frameworks */,
				FFFACB9229832233001596B1 /* Resources */,
			);
			buildRules = (
			);
			dependencies = (
			);
			name = iosViewBuilder;
			packageProductDependencies = (
				FFFACC05298322B1001596B1 /* AssessmentModel */,
				FFFACC0829832611001596B1 /* SharedMobileUI */,
			);
			productName = iosViewBuilder;
			productReference = FFFACB9429832233001596B1 /* iosViewBuilder.app */;
			productType = "com.apple.product-type.application";
		};
/* End PBXNativeTarget section */

/* Begin PBXProject section */
		FFFACB8C29832233001596B1 /* Project object */ = {
			isa = PBXProject;
			attributes = {
				BuildIndependentTargetsInParallel = 1;
				LastSwiftUpdateCheck = 1420;
				LastUpgradeCheck = 1420;
				TargetAttributes = {
					FF15605929E4C13A00EB7934 = {
						CreatedOnToolsVersion = 14.2;
						TestTargetID = FFFACB9329832233001596B1;
					};
					FFFACB9329832233001596B1 = {
						CreatedOnToolsVersion = 14.2;
					};
				};
			};
			buildConfigurationList = FFFACB8F29832233001596B1 /* Build configuration list for PBXProject "iosViewBuilder" */;
			compatibilityVersion = "Xcode 14.0";
			developmentRegion = en;
			hasScannedForEncodings = 0;
			knownRegions = (
				en,
				Base,
			);
			mainGroup = FFFACB8B29832233001596B1;
			packageReferences = (
				FFFACC0729832611001596B1 /* XCRemoteSwiftPackageReference "SharedMobileUI-AppleOS" */,
			);
			productRefGroup = FFFACB9529832233001596B1 /* Products */;
			projectDirPath = "";
			projectRoot = "";
			targets = (
				FFFACB9329832233001596B1 /* iosViewBuilder */,
				FF15605929E4C13A00EB7934 /* iosViewBuilderUITests */,
			);
		};
/* End PBXProject section */

/* Begin PBXResourcesBuildPhase section */
		FF15605829E4C13A00EB7934 /* Resources */ = {
			isa = PBXResourcesBuildPhase;
			buildActionMask = 2147483647;
			files = (
			);
			runOnlyForDeploymentPostprocessing = 0;
		};
		FFFACB9229832233001596B1 /* Resources */ = {
			isa = PBXResourcesBuildPhase;
			buildActionMask = 2147483647;
			files = (
				FFFACBE22983227A001596B1 /* Colors.xcassets in Resources */,
				FFFACBE42983227A001596B1 /* Images.xcassets in Resources */,
				FFFACBE32983227A001596B1 /* Localizable.strings in Resources */,
				FFFACB9F29832234001596B1 /* Preview Assets.xcassets in Resources */,
				FFFACB9C29832234001596B1 /* Assets.xcassets in Resources */,
			);
			runOnlyForDeploymentPostprocessing = 0;
		};
/* End PBXResourcesBuildPhase section */

/* Begin PBXSourcesBuildPhase section */
		FF15605629E4C13A00EB7934 /* Sources */ = {
			isa = PBXSourcesBuildPhase;
			buildActionMask = 2147483647;
			files = (
				FF15605D29E4C13A00EB7934 /* iosViewBuilderUITests.swift in Sources */,
			);
			runOnlyForDeploymentPostprocessing = 0;
		};
		FFFACB9029832233001596B1 /* Sources */ = {
			isa = PBXSourcesBuildPhase;
			buildActionMask = 2147483647;
			files = (
				FFFACBF22983227A001596B1 /* ViewHeightReader.swift in Sources */,
				FFFACBF12983227A001596B1 /* ContentImage.swift in Sources */,
				FFFACBE72983227A001596B1 /* CompositedImage.swift in Sources */,
				FFFACBEB2983227A001596B1 /* PauseMenu.swift in Sources */,
				FFFACBEA2983227A001596B1 /* ExitButton.swift in Sources */,
				FFFACBF82983227A001596B1 /* IntegerQuestionStepView.swift in Sources */,
				FFFACBDA2983227A001596B1 /* DurationQuestionViewModel.swift in Sources */,
				FFFACBF62983227A001596B1 /* DurationQuestionStepView.swift in Sources */,
				FFFACBF52983227A001596B1 /* StepHeaderView.swift in Sources */,
				FFFACBE12983227A001596B1 /* IntegerQuestionViewModel.swift in Sources */,
				FFFACBEC2983227A001596B1 /* NumericTextField.swift in Sources */,
				FFFACBF92983227A001596B1 /* SlidingScaleView.swift in Sources */,
				FFFACBEF2983227A001596B1 /* ForwardButton.swift in Sources */,
				FFFACC012983227A001596B1 /* AssessmentView.swift in Sources */,
				FFFACBFF2983227A001596B1 /* CompletionStepView.swift in Sources */,
				FFFACBE82983227A001596B1 /* MultilineTextField.swift in Sources */,
				FFFACBE92983227A001596B1 /* SurveyNavigationView.swift in Sources */,
				FFFACBED2983227A001596B1 /* ContentNodeView.swift in Sources */,
				FFFACBE52983227A001596B1 /* KeyboardObserver.swift in Sources */,
				FFFACBFB2983227A001596B1 /* ChoiceQuestionStepView.swift in Sources */,
				FFFACBE62983227A001596B1 /* KeyboardOptions+SwiftUI.swift in Sources */,
				FFFACBDB2983227A001596B1 /* TimeQuestionViewModel.swift in Sources */,
				FFFACBFA2983227A001596B1 /* TimeQuestionStepView.swift in Sources */,
				FFFACB9A29832233001596B1 /* ContentView.swift in Sources */,
				FFFACB9829832233001596B1 /* iosViewBuilderApp.swift in Sources */,
				FFFACBDD2983227A001596B1 /* TextEntryViewModel.swift in Sources */,
				FFFACBF32983227A001596B1 /* TapLocationGesture.swift in Sources */,
				FFFACC002983227A001596B1 /* CountdownStepView.swift in Sources */,
				FFFACBFE2983227A001596B1 /* InstructionStepView.swift in Sources */,
				FFFACBEE2983227A001596B1 /* TopBarProgressView.swift in Sources */,
				FFFACBE02983227A001596B1 /* ChoiceQuestionViewModel.swift in Sources */,
				FFFACBDC2983227A001596B1 /* NodeState.swift in Sources */,
				FFFACBF02983227A001596B1 /* AnimationView.swift in Sources */,
				FFFACBDF2983227A001596B1 /* AssessmentViewModel.swift in Sources */,
				FFFACBFC2983227A001596B1 /* TextEntryQuestionStepView.swift in Sources */,
				FFFACBF72983227A001596B1 /* LikertScaleView.swift in Sources */,
				FFFACBDE2983227A001596B1 /* TextEntryQuestionViewModel.swift in Sources */,
				FFFACBF42983227A001596B1 /* QuestionStepScrollView.swift in Sources */,
				FFFACBFD2983227A001596B1 /* TitlePageView.swift in Sources */,
				FFFACC022983227A001596B1 /* GlobalProperties.swift in Sources */,
			);
			runOnlyForDeploymentPostprocessing = 0;
		};
/* End PBXSourcesBuildPhase section */

/* Begin PBXTargetDependency section */
		FF15606129E4C13A00EB7934 /* PBXTargetDependency */ = {
			isa = PBXTargetDependency;
			target = FFFACB9329832233001596B1 /* iosViewBuilder */;
			targetProxy = FF15606029E4C13A00EB7934 /* PBXContainerItemProxy */;
		};
/* End PBXTargetDependency section */

/* Begin PBXVariantGroup section */
		FFFACBB22983227A001596B1 /* Localizable.strings */ = {
			isa = PBXVariantGroup;
			children = (
				FFFACBB32983227A001596B1 /* en */,
			);
			name = Localizable.strings;
			sourceTree = "<group>";
		};
/* End PBXVariantGroup section */

/* Begin XCBuildConfiguration section */
		FF15606229E4C13A00EB7934 /* Debug */ = {
			isa = XCBuildConfiguration;
			buildSettings = {
				CODE_SIGN_STYLE = Automatic;
				CURRENT_PROJECT_VERSION = 1;
				DEVELOPMENT_TEAM = KA9Z8R6M6K;
				GENERATE_INFOPLIST_FILE = YES;
				MARKETING_VERSION = 1.0;
				PRODUCT_BUNDLE_IDENTIFIER = org.sagebase.iosViewBuilderUITests;
				PRODUCT_NAME = "$(TARGET_NAME)";
				SWIFT_EMIT_LOC_STRINGS = NO;
				SWIFT_VERSION = 5.0;
				TARGETED_DEVICE_FAMILY = "1,2";
				TEST_TARGET_NAME = iosViewBuilder;
			};
			name = Debug;
		};
		FF15606329E4C13A00EB7934 /* Release */ = {
			isa = XCBuildConfiguration;
			buildSettings = {
				CODE_SIGN_STYLE = Automatic;
				CURRENT_PROJECT_VERSION = 1;
				DEVELOPMENT_TEAM = KA9Z8R6M6K;
				GENERATE_INFOPLIST_FILE = YES;
				MARKETING_VERSION = 1.0;
				PRODUCT_BUNDLE_IDENTIFIER = org.sagebase.iosViewBuilderUITests;
				PRODUCT_NAME = "$(TARGET_NAME)";
				SWIFT_EMIT_LOC_STRINGS = NO;
				SWIFT_VERSION = 5.0;
				TARGETED_DEVICE_FAMILY = "1,2";
				TEST_TARGET_NAME = iosViewBuilder;
			};
			name = Release;
		};
		FFFACBA029832234001596B1 /* Debug */ = {
			isa = XCBuildConfiguration;
			buildSettings = {
				ALWAYS_SEARCH_USER_PATHS = NO;
				CLANG_ANALYZER_NONNULL = YES;
				CLANG_ANALYZER_NUMBER_OBJECT_CONVERSION = YES_AGGRESSIVE;
				CLANG_CXX_LANGUAGE_STANDARD = "gnu++20";
				CLANG_ENABLE_MODULES = YES;
				CLANG_ENABLE_OBJC_ARC = YES;
				CLANG_ENABLE_OBJC_WEAK = YES;
				CLANG_WARN_BLOCK_CAPTURE_AUTORELEASING = YES;
				CLANG_WARN_BOOL_CONVERSION = YES;
				CLANG_WARN_COMMA = YES;
				CLANG_WARN_CONSTANT_CONVERSION = YES;
				CLANG_WARN_DEPRECATED_OBJC_IMPLEMENTATIONS = YES;
				CLANG_WARN_DIRECT_OBJC_ISA_USAGE = YES_ERROR;
				CLANG_WARN_DOCUMENTATION_COMMENTS = YES;
				CLANG_WARN_EMPTY_BODY = YES;
				CLANG_WARN_ENUM_CONVERSION = YES;
				CLANG_WARN_INFINITE_RECURSION = YES;
				CLANG_WARN_INT_CONVERSION = YES;
				CLANG_WARN_NON_LITERAL_NULL_CONVERSION = YES;
				CLANG_WARN_OBJC_IMPLICIT_RETAIN_SELF = YES;
				CLANG_WARN_OBJC_LITERAL_CONVERSION = YES;
				CLANG_WARN_OBJC_ROOT_CLASS = YES_ERROR;
				CLANG_WARN_QUOTED_INCLUDE_IN_FRAMEWORK_HEADER = YES;
				CLANG_WARN_RANGE_LOOP_ANALYSIS = YES;
				CLANG_WARN_STRICT_PROTOTYPES = YES;
				CLANG_WARN_SUSPICIOUS_MOVE = YES;
				CLANG_WARN_UNGUARDED_AVAILABILITY = YES_AGGRESSIVE;
				CLANG_WARN_UNREACHABLE_CODE = YES;
				CLANG_WARN__DUPLICATE_METHOD_MATCH = YES;
				COPY_PHASE_STRIP = NO;
				DEBUG_INFORMATION_FORMAT = dwarf;
				ENABLE_STRICT_OBJC_MSGSEND = YES;
				ENABLE_TESTABILITY = YES;
				GCC_C_LANGUAGE_STANDARD = gnu11;
				GCC_DYNAMIC_NO_PIC = NO;
				GCC_NO_COMMON_BLOCKS = YES;
				GCC_OPTIMIZATION_LEVEL = 0;
				GCC_PREPROCESSOR_DEFINITIONS = (
					"DEBUG=1",
					"$(inherited)",
				);
				GCC_WARN_64_TO_32_BIT_CONVERSION = YES;
				GCC_WARN_ABOUT_RETURN_TYPE = YES_ERROR;
				GCC_WARN_UNDECLARED_SELECTOR = YES;
				GCC_WARN_UNINITIALIZED_AUTOS = YES_AGGRESSIVE;
				GCC_WARN_UNUSED_FUNCTION = YES;
				GCC_WARN_UNUSED_VARIABLE = YES;
				IPHONEOS_DEPLOYMENT_TARGET = 16.2;
				MTL_ENABLE_DEBUG_INFO = INCLUDE_SOURCE;
				MTL_FAST_MATH = YES;
				ONLY_ACTIVE_ARCH = YES;
				SDKROOT = iphoneos;
				SWIFT_ACTIVE_COMPILATION_CONDITIONS = DEBUG;
				SWIFT_OPTIMIZATION_LEVEL = "-Onone";
			};
			name = Debug;
		};
		FFFACBA129832234001596B1 /* Release */ = {
			isa = XCBuildConfiguration;
			buildSettings = {
				ALWAYS_SEARCH_USER_PATHS = NO;
				CLANG_ANALYZER_NONNULL = YES;
				CLANG_ANALYZER_NUMBER_OBJECT_CONVERSION = YES_AGGRESSIVE;
				CLANG_CXX_LANGUAGE_STANDARD = "gnu++20";
				CLANG_ENABLE_MODULES = YES;
				CLANG_ENABLE_OBJC_ARC = YES;
				CLANG_ENABLE_OBJC_WEAK = YES;
				CLANG_WARN_BLOCK_CAPTURE_AUTORELEASING = YES;
				CLANG_WARN_BOOL_CONVERSION = YES;
				CLANG_WARN_COMMA = YES;
				CLANG_WARN_CONSTANT_CONVERSION = YES;
				CLANG_WARN_DEPRECATED_OBJC_IMPLEMENTATIONS = YES;
				CLANG_WARN_DIRECT_OBJC_ISA_USAGE = YES_ERROR;
				CLANG_WARN_DOCUMENTATION_COMMENTS = YES;
				CLANG_WARN_EMPTY_BODY = YES;
				CLANG_WARN_ENUM_CONVERSION = YES;
				CLANG_WARN_INFINITE_RECURSION = YES;
				CLANG_WARN_INT_CONVERSION = YES;
				CLANG_WARN_NON_LITERAL_NULL_CONVERSION = YES;
				CLANG_WARN_OBJC_IMPLICIT_RETAIN_SELF = YES;
				CLANG_WARN_OBJC_LITERAL_CONVERSION = YES;
				CLANG_WARN_OBJC_ROOT_CLASS = YES_ERROR;
				CLANG_WARN_QUOTED_INCLUDE_IN_FRAMEWORK_HEADER = YES;
				CLANG_WARN_RANGE_LOOP_ANALYSIS = YES;
				CLANG_WARN_STRICT_PROTOTYPES = YES;
				CLANG_WARN_SUSPICIOUS_MOVE = YES;
				CLANG_WARN_UNGUARDED_AVAILABILITY = YES_AGGRESSIVE;
				CLANG_WARN_UNREACHABLE_CODE = YES;
				CLANG_WARN__DUPLICATE_METHOD_MATCH = YES;
				COPY_PHASE_STRIP = NO;
				DEBUG_INFORMATION_FORMAT = "dwarf-with-dsym";
				ENABLE_NS_ASSERTIONS = NO;
				ENABLE_STRICT_OBJC_MSGSEND = YES;
				GCC_C_LANGUAGE_STANDARD = gnu11;
				GCC_NO_COMMON_BLOCKS = YES;
				GCC_WARN_64_TO_32_BIT_CONVERSION = YES;
				GCC_WARN_ABOUT_RETURN_TYPE = YES_ERROR;
				GCC_WARN_UNDECLARED_SELECTOR = YES;
				GCC_WARN_UNINITIALIZED_AUTOS = YES_AGGRESSIVE;
				GCC_WARN_UNUSED_FUNCTION = YES;
				GCC_WARN_UNUSED_VARIABLE = YES;
				IPHONEOS_DEPLOYMENT_TARGET = 16.2;
				MTL_ENABLE_DEBUG_INFO = NO;
				MTL_FAST_MATH = YES;
				SDKROOT = iphoneos;
				SWIFT_COMPILATION_MODE = wholemodule;
				SWIFT_OPTIMIZATION_LEVEL = "-O";
				VALIDATE_PRODUCT = YES;
			};
			name = Release;
		};
		FFFACBA329832234001596B1 /* Debug */ = {
			isa = XCBuildConfiguration;
			buildSettings = {
				ASSETCATALOG_COMPILER_APPICON_NAME = AppIcon;
				ASSETCATALOG_COMPILER_GLOBAL_ACCENT_COLOR_NAME = AccentColor;
				CODE_SIGN_STYLE = Automatic;
				CURRENT_PROJECT_VERSION = 1;
				DEVELOPMENT_ASSET_PATHS = "\"iosViewBuilder/Preview Content\"";
				DEVELOPMENT_TEAM = KA9Z8R6M6K;
				ENABLE_PREVIEWS = YES;
				GENERATE_INFOPLIST_FILE = YES;
				INFOPLIST_KEY_UIApplicationSceneManifest_Generation = YES;
				INFOPLIST_KEY_UIApplicationSupportsIndirectInputEvents = YES;
				INFOPLIST_KEY_UILaunchScreen_Generation = YES;
				INFOPLIST_KEY_UISupportedInterfaceOrientations_iPad = "UIInterfaceOrientationPortrait UIInterfaceOrientationPortraitUpsideDown UIInterfaceOrientationLandscapeLeft UIInterfaceOrientationLandscapeRight";
				INFOPLIST_KEY_UISupportedInterfaceOrientations_iPhone = "UIInterfaceOrientationPortrait UIInterfaceOrientationLandscapeLeft UIInterfaceOrientationLandscapeRight";
				LD_RUNPATH_SEARCH_PATHS = (
					"$(inherited)",
					"@executable_path/Frameworks",
				);
				MARKETING_VERSION = 1.0;
				PRODUCT_BUNDLE_IDENTIFIER = org.sagebase.iosViewBuilder;
				PRODUCT_NAME = "$(TARGET_NAME)";
				SWIFT_EMIT_LOC_STRINGS = YES;
				SWIFT_VERSION = 5.0;
				TARGETED_DEVICE_FAMILY = "1,2";
			};
			name = Debug;
		};
		FFFACBA429832234001596B1 /* Release */ = {
			isa = XCBuildConfiguration;
			buildSettings = {
				ASSETCATALOG_COMPILER_APPICON_NAME = AppIcon;
				ASSETCATALOG_COMPILER_GLOBAL_ACCENT_COLOR_NAME = AccentColor;
				CODE_SIGN_STYLE = Automatic;
				CURRENT_PROJECT_VERSION = 1;
				DEVELOPMENT_ASSET_PATHS = "\"iosViewBuilder/Preview Content\"";
				DEVELOPMENT_TEAM = KA9Z8R6M6K;
				ENABLE_PREVIEWS = YES;
				GENERATE_INFOPLIST_FILE = YES;
				INFOPLIST_KEY_UIApplicationSceneManifest_Generation = YES;
				INFOPLIST_KEY_UIApplicationSupportsIndirectInputEvents = YES;
				INFOPLIST_KEY_UILaunchScreen_Generation = YES;
				INFOPLIST_KEY_UISupportedInterfaceOrientations_iPad = "UIInterfaceOrientationPortrait UIInterfaceOrientationPortraitUpsideDown UIInterfaceOrientationLandscapeLeft UIInterfaceOrientationLandscapeRight";
				INFOPLIST_KEY_UISupportedInterfaceOrientations_iPhone = "UIInterfaceOrientationPortrait UIInterfaceOrientationLandscapeLeft UIInterfaceOrientationLandscapeRight";
				LD_RUNPATH_SEARCH_PATHS = (
					"$(inherited)",
					"@executable_path/Frameworks",
				);
				MARKETING_VERSION = 1.0;
				PRODUCT_BUNDLE_IDENTIFIER = org.sagebase.iosViewBuilder;
				PRODUCT_NAME = "$(TARGET_NAME)";
				SWIFT_EMIT_LOC_STRINGS = YES;
				SWIFT_VERSION = 5.0;
				TARGETED_DEVICE_FAMILY = "1,2";
			};
			name = Release;
		};
/* End XCBuildConfiguration section */

/* Begin XCConfigurationList section */
		FF15606429E4C13A00EB7934 /* Build configuration list for PBXNativeTarget "iosViewBuilderUITests" */ = {
			isa = XCConfigurationList;
			buildConfigurations = (
				FF15606229E4C13A00EB7934 /* Debug */,
				FF15606329E4C13A00EB7934 /* Release */,
			);
			defaultConfigurationIsVisible = 0;
			defaultConfigurationName = Release;
		};
		FFFACB8F29832233001596B1 /* Build configuration list for PBXProject "iosViewBuilder" */ = {
			isa = XCConfigurationList;
			buildConfigurations = (
				FFFACBA029832234001596B1 /* Debug */,
				FFFACBA129832234001596B1 /* Release */,
			);
			defaultConfigurationIsVisible = 0;
			defaultConfigurationName = Release;
		};
		FFFACBA229832234001596B1 /* Build configuration list for PBXNativeTarget "iosViewBuilder" */ = {
			isa = XCConfigurationList;
			buildConfigurations = (
				FFFACBA329832234001596B1 /* Debug */,
				FFFACBA429832234001596B1 /* Release */,
			);
			defaultConfigurationIsVisible = 0;
			defaultConfigurationName = Release;
		};
/* End XCConfigurationList section */

/* Begin XCRemoteSwiftPackageReference section */
		FFFACC0729832611001596B1 /* XCRemoteSwiftPackageReference "SharedMobileUI-AppleOS" */ = {
			isa = XCRemoteSwiftPackageReference;
			repositoryURL = "https://github.com/Sage-Bionetworks/SharedMobileUI-AppleOS.git";
			requirement = {
				kind = upToNextMajorVersion;
				minimumVersion = 0.18.0;
			};
		};
/* End XCRemoteSwiftPackageReference section */

/* Begin XCSwiftPackageProductDependency section */
		FFFACC05298322B1001596B1 /* AssessmentModel */ = {
			isa = XCSwiftPackageProductDependency;
			productName = AssessmentModel;
		};
		FFFACC0829832611001596B1 /* SharedMobileUI */ = {
			isa = XCSwiftPackageProductDependency;
			package = FFFACC0729832611001596B1 /* XCRemoteSwiftPackageReference "SharedMobileUI-AppleOS" */;
			productName = SharedMobileUI;
		};
/* End XCSwiftPackageProductDependency section */
	};
	rootObject = FFFACB8C29832233001596B1 /* Project object */;
}
