{
  "object": {
    "pins": [
      {
        "package": "JsonModel",
        "repositoryURL": "https://github.com/Sage-Bionetworks/JsonModel-Swift.git",
        "state": {
          "branch": null,
          "revision": "cf13a8af6b09c25605f340150bb6392ea9d3c0f8",
          "version": "2.0.0"
        }
      },
      {
        "package": "MobilePassiveData",
        "repositoryURL": "https://github.com/Sage-Bionetworks/MobilePassiveData-SDK.git",
        "state": {
          "branch": null,
          "revision": "5c1b98eedde37fd6a898798c031f5e7d863404b3",
          "version": "1.4.0"
        }
      }
    ]
  },
  "version": 1
}
